{
  "version": 4,
  "terraform_version": "0.14.7",
  "serial": 66,
  "lineage": "88c23df6-bd74-a2eb-8b5b-519c6696d786",
  "outputs": {
    "cluster_endpoint": {
      "value": "https://7D57A1C69189C1BF897F2A28A09C90B3.gr7.us-east-2.eks.amazonaws.com",
      "type": "string"
    },
    "cluster_name": {
      "value": "challenge-cluster",
      "type": "string"
    },
    "ecr_repository_id": {
      "value": "802295647881",
      "type": "string"
    },
    "ecr_repository_url": {
      "value": "802295647881.dkr.ecr.us-east-2.amazonaws.com/api",
      "type": "string"
    },
    "region": {
      "value": "us-east-2",
      "type": "string"
    }
  },
  "resources": [
    {
      "mode": "data",
      "type": "aws_eks_cluster",
      "name": "challenge_cluster",
      "provider": "provider[\"registry.terraform.io/hashicorp/aws\"]",
      "instances": [
        {
          "schema_version": 0,
          "attributes": {
            "arn": "arn:aws:eks:us-east-2:802295647881:cluster/challenge-cluster",
            "certificate_authority": [
              {
                "data": "LS0tLS1CRUdJTiBDRVJUSUZJQ0FURS0tLS0tCk1JSUM1ekNDQWMrZ0F3SUJBZ0lCQURBTkJna3Foa2lHOXcwQkFRc0ZBREFWTVJNd0VRWURWUVFERXdwcmRXSmwKY201bGRHVnpNQjRYRFRJeE1EWXhOakUyTXpZMU0xb1hEVE14TURZeE5ERTJNelkxTTFvd0ZURVRNQkVHQTFVRQpBeE1LYTNWaVpYSnVaWFJsY3pDQ0FTSXdEUVlKS29aSWh2Y05BUUVCQlFBRGdnRVBBRENDQVFvQ2dnRUJBSjNNCmRqR010RGtENnh6bTBKNFVtUHNBajdnK1cxcFVtQkNodkY1aGw0amNZbG5NRVZ1aVhwUnViVGFUQmlGMDMrZ0sKQk95TzhIM2EvMUZSNTBFRm0rTks1U3pTcmdGL2ZYMXNjaEQ3L1hlaWFIa1EzdjRlamlCVDRJTitGWVFLOXlBbApoMHQ0Wkk3cEpadTQ4b0hsVUJZbnhYRlBqTzRidGhwVnNkN3Q0TEZVTTZXaHVoMDFzS0Q4VmhINkkvUDdJTGFrCmx4ckJCdlJrTzgxY1Jsa3dJNDVYbmlCdlVjVGFvQ3BCV2kxRzZvbUMyV2oyQXB6U2w4K0RhS3JKWXRreHZ6UkIKYWpMeHVQSFl3NWdYNmlsMGRLOEJQbk9MTlBwcUFuZ1VKY3hvVlhvSWp3QW15dEJyVFk0TFZIeGxBc0lZL3JvMAo5QlAzdmUveGZvTXB6YWJsNVU4Q0F3RUFBYU5DTUVBd0RnWURWUjBQQVFIL0JBUURBZ0trTUE4R0ExVWRFd0VCCi93UUZNQU1CQWY4d0hRWURWUjBPQkJZRUZOR3FsRUNkWFNIV3M0WHF3VU10cWFxbC94bVdNQTBHQ1NxR1NJYjMKRFFFQkN3VUFBNElCQVFCck50ZHZEbnNzZDhmKzE0cTFpbW80eFVQcUFlN3ZMalYxNjBWTU5rNmR5ZDI2YUczaAo2YWtxU1FvUXF6dU1IMENhRkxHZFYrWC9scHZaeHBFYTBCOXlmNHlZRzdSaUNmSGhOc3hJMEw3U3VhOVdKWHpVCkFLZ1lTK05CMkFIbFRYczU4ejJxKzZKalB3R1lzMUFYT0JzZ2VGRWd3c3AydCtqcHhTNHZQd3o3QUtPU1hKWlYKWHVnNGJLV3B1OWhXdzBvOGVqaXNydmZFSHJFY3l6OHhtNzJyVVZIL1c3NXVDNnNST2JYOHpGOFFuTXVPeXdzTApJdlkwY0I1MUZ0dGpPWXFPNkpRZnVVNGl1ZW1iU3J6YytKYThZQlcxVEJVVjdibmV6QjlFenl0R1puMERrN2V4Clo3UzlpTytEWEZtYm5vRDdMa2g0VlVabnFYT1Q2MTYwQWh6ZAotLS0tLUVORCBDRVJUSUZJQ0FURS0tLS0tCg=="
              }
            ],
            "created_at": "2021-06-16 16:31:41.86 +0000 UTC",
            "enabled_cluster_log_types": [],
            "endpoint": "https://7D57A1C69189C1BF897F2A28A09C90B3.gr7.us-east-2.eks.amazonaws.com",
            "id": "challenge-cluster",
            "identity": [
              {
                "oidc": [
                  {
                    "issuer": "https://oidc.eks.us-east-2.amazonaws.com/id/7D57A1C69189C1BF897F2A28A09C90B3"
                  }
                ]
              }
            ],
            "kubernetes_network_config": [
              {
                "service_ipv4_cidr": "10.100.0.0/16"
              }
            ],
            "name": "challenge-cluster",
            "platform_version": "eks.5",
            "role_arn": "arn:aws:iam::802295647881:role/challenge-cluster20210616163114905300000001",
            "status": "ACTIVE",
            "tags": {},
            "version": "1.19",
            "vpc_config": [
              {
                "cluster_security_group_id": "sg-0cb82f797c0b60726",
                "endpoint_private_access": false,
                "endpoint_public_access": true,
                "public_access_cidrs": [
                  "0.0.0.0/0"
                ],
                "security_group_ids": [
                  "sg-04e837ee791dc7dfa"
                ],
                "subnet_ids": [
                  "subnet-ab47c2d1",
                  "subnet-bdffb3d5"
                ],
                "vpc_id": "vpc-3883da50"
              }
            ]
          },
          "sensitive_attributes": []
        }
      ]
    },
    {
      "mode": "data",
      "type": "aws_eks_cluster_auth",
      "name": "challenge_cluster",
      "provider": "provider[\"registry.terraform.io/hashicorp/aws\"]",
      "instances": [
        {
          "schema_version": 0,
          "attributes": {
            "id": "challenge-cluster",
            "name": "challenge-cluster",
            "token": "k8s-aws-v1.aHR0cHM6Ly9zdHMuYW1hem9uYXdzLmNvbS8_QWN0aW9uPUdldENhbGxlcklkZW50aXR5JlZlcnNpb249MjAxMS0wNi0xNSZYLUFtei1BbGdvcml0aG09QVdTNC1ITUFDLVNIQTI1NiZYLUFtei1DcmVkZW50aWFsPUFLSUEzVlRFTUIyRVo0UEtVQVQzJTJGMjAyMTA2MTYlMkZ1cy1lYXN0LTElMkZzdHMlMkZhd3M0X3JlcXVlc3QmWC1BbXotRGF0ZT0yMDIxMDYxNlQxNjQ5MjZaJlgtQW16LUV4cGlyZXM9MCZYLUFtei1TaWduZWRIZWFkZXJzPWhvc3QlM0J4LWs4cy1hd3MtaWQmWC1BbXotU2lnbmF0dXJlPWQ2ZDM2NTk3ZDdlMDY4NGY2Nzc2MzA4MjQ1YzE4Y2NhZjIwOWZhMTIwMDA0MjU4ZDc3ZjBkM2MzMWQyOTNlNTQ"
          },
          "sensitive_attributes": []
        }
      ]
    },
    {
      "mode": "managed",
      "type": "aws_default_subnet",
      "name": "defaulta",
      "provider": "provider[\"registry.terraform.io/hashicorp/aws\"]",
      "instances": [
        {
          "schema_version": 1,
          "attributes": {
            "arn": "arn:aws:ec2:us-east-2:802295647881:subnet/subnet-bdffb3d5",
            "assign_ipv6_address_on_creation": false,
            "availability_zone": "us-east-2a",
            "availability_zone_id": "use2-az1",
            "cidr_block": "172.31.0.0/20",
            "customer_owned_ipv4_pool": "",
            "id": "subnet-bdffb3d5",
            "ipv6_cidr_block": "",
            "ipv6_cidr_block_association_id": "",
            "map_customer_owned_ip_on_launch": false,
            "map_public_ip_on_launch": true,
            "outpost_arn": "",
            "owner_id": "802295647881",
            "tags": {
              "Name": "Default subnet for us-east-2a"
            },
            "tags_all": {
              "Name": "Default subnet for us-east-2a"
            },
            "timeouts": null,
            "vpc_id": "vpc-3883da50"
          },
          "sensitive_attributes": [],
          "private": "eyJlMmJmYjczMC1lY2FhLTExZTYtOGY4OC0zNDM2M2JjN2M0YzAiOnsiY3JlYXRlIjo2MDAwMDAwMDAwMDAsImRlbGV0ZSI6MTIwMDAwMDAwMDAwMH0sInNjaGVtYV92ZXJzaW9uIjoiMSJ9",
          "create_before_destroy": true
        }
      ]
    },
    {
      "mode": "managed",
      "type": "aws_default_subnet",
      "name": "defaultb",
      "provider": "provider[\"registry.terraform.io/hashicorp/aws\"]",
      "instances": [
        {
          "schema_version": 1,
          "attributes": {
            "arn": "arn:aws:ec2:us-east-2:802295647881:subnet/subnet-ab47c2d1",
            "assign_ipv6_address_on_creation": false,
            "availability_zone": "us-east-2b",
            "availability_zone_id": "use2-az2",
            "cidr_block": "172.31.16.0/20",
            "customer_owned_ipv4_pool": "",
            "id": "subnet-ab47c2d1",
            "ipv6_cidr_block": "",
            "ipv6_cidr_block_association_id": "",
            "map_customer_owned_ip_on_launch": false,
            "map_public_ip_on_launch": true,
            "outpost_arn": "",
            "owner_id": "802295647881",
            "tags": {
              "Name": "Default subnet for us-east-2b"
            },
            "tags_all": {
              "Name": "Default subnet for us-east-2b"
            },
            "timeouts": null,
            "vpc_id": "vpc-3883da50"
          },
          "sensitive_attributes": [],
          "private": "eyJlMmJmYjczMC1lY2FhLTExZTYtOGY4OC0zNDM2M2JjN2M0YzAiOnsiY3JlYXRlIjo2MDAwMDAwMDAwMDAsImRlbGV0ZSI6MTIwMDAwMDAwMDAwMH0sInNjaGVtYV92ZXJzaW9uIjoiMSJ9",
          "create_before_destroy": true
        }
      ]
    },
    {
      "mode": "managed",
      "type": "aws_default_vpc",
      "name": "default",
      "provider": "provider[\"registry.terraform.io/hashicorp/aws\"]",
      "instances": [
        {
          "schema_version": 1,
          "attributes": {
            "arn": "arn:aws:ec2:us-east-2:802295647881:vpc/vpc-3883da50",
            "assign_generated_ipv6_cidr_block": false,
            "cidr_block": "172.31.0.0/16",
            "default_network_acl_id": "acl-58101530",
            "default_route_table_id": "rtb-b8c326d3",
            "default_security_group_id": "sg-8b53c8e1",
            "dhcp_options_id": "dopt-cac9f9a2",
            "enable_classiclink": null,
            "enable_classiclink_dns_support": null,
            "enable_dns_hostnames": true,
            "enable_dns_support": true,
            "id": "vpc-3883da50",
            "instance_tenancy": "default",
            "ipv6_association_id": "",
            "ipv6_cidr_block": "",
            "main_route_table_id": "rtb-b8c326d3",
            "owner_id": "802295647881",
            "tags": {
              "Name": "Default VPC"
            },
            "tags_all": {
              "Name": "Default VPC"
            }
          },
          "sensitive_attributes": [],
          "private": "eyJzY2hlbWFfdmVyc2lvbiI6IjEifQ==",
          "create_before_destroy": true
        }
      ]
    },
    {
      "mode": "managed",
      "type": "aws_ecr_repository",
      "name": "challenge",
      "provider": "provider[\"registry.terraform.io/hashicorp/aws\"]",
      "instances": [
        {
          "schema_version": 0,
          "attributes": {
            "arn": "arn:aws:ecr:us-east-2:802295647881:repository/api",
            "encryption_configuration": [
              {
                "encryption_type": "AES256",
                "kms_key": ""
              }
            ],
            "id": "api",
            "image_scanning_configuration": [
              {
                "scan_on_push": true
              }
            ],
            "image_tag_mutability": "MUTABLE",
            "name": "api",
            "registry_id": "802295647881",
            "repository_url": "802295647881.dkr.ecr.us-east-2.amazonaws.com/api",
            "tags": {},
            "tags_all": {},
            "timeouts": null
          },
          "sensitive_attributes": [],
          "private": "eyJlMmJmYjczMC1lY2FhLTExZTYtOGY4OC0zNDM2M2JjN2M0YzAiOnsiZGVsZXRlIjoxMjAwMDAwMDAwMDAwfX0="
        }
      ]
    },
    {
      "mode": "managed",
      "type": "helm_release",
      "name": "aws_ingress",
      "provider": "provider[\"registry.terraform.io/hashicorp/helm\"]",
      "instances": [
        {
          "schema_version": 0,
          "attributes": {
            "atomic": false,
            "chart": "ingress-nginx",
            "cleanup_on_fail": false,
            "create_namespace": true,
            "dependency_update": false,
            "description": null,
            "devel": null,
            "disable_crd_hooks": false,
            "disable_openapi_validation": false,
            "disable_webhooks": false,
            "force_update": false,
            "id": "ingress-aws-alb",
            "keyring": null,
            "lint": false,
            "manifest": null,
            "max_history": 0,
            "metadata": [
              {
                "app_version": "0.47.0",
                "chart": "ingress-nginx",
                "name": "ingress-aws-alb",
                "namespace": "ingress-controller",
                "revision": 1,
                "values": "{\"clusterName\":\"challenge-cluster\"}",
                "version": "3.33.0"
              }
            ],
            "name": "ingress-aws-alb",
            "namespace": "ingress-controller",
            "postrender": [],
            "recreate_pods": false,
            "render_subchart_notes": true,
            "replace": false,
            "repository": "https://kubernetes.github.io/ingress-nginx",
            "repository_ca_file": null,
            "repository_cert_file": null,
            "repository_key_file": null,
            "repository_password": null,
            "repository_username": null,
            "reset_values": false,
            "reuse_values": false,
            "set": [
              {
                "name": "clusterName",
                "type": "",
                "value": "challenge-cluster"
              }
            ],
            "set_sensitive": [],
            "skip_crds": false,
            "status": "deployed",
            "timeout": 300,
            "values": null,
            "verify": false,
            "version": "3.33.0",
            "wait": true,
            "wait_for_jobs": false
          },
          "sensitive_attributes": [],
          "private": "bnVsbA==",
          "dependencies": [
            "aws_default_subnet.defaulta",
            "aws_default_subnet.defaultb",
            "aws_default_vpc.default",
            "data.aws_eks_cluster.challenge_cluster",
            "data.aws_eks_cluster_auth.challenge_cluster",
            "module.challenge_cluster.aws_autoscaling_group.workers",
            "module.challenge_cluster.aws_autoscaling_group.workers_launch_template",
            "module.challenge_cluster.aws_cloudwatch_log_group.this",
            "module.challenge_cluster.aws_eks_cluster.this",
            "module.challenge_cluster.aws_iam_instance_profile.workers",
            "module.challenge_cluster.aws_iam_instance_profile.workers_launch_template",
            "module.challenge_cluster.aws_iam_openid_connect_provider.oidc_provider",
            "module.challenge_cluster.aws_iam_policy.cluster_elb_sl_role_creation",
            "module.challenge_cluster.aws_iam_role.cluster",
            "module.challenge_cluster.aws_iam_role.workers",
            "module.challenge_cluster.aws_iam_role_policy_attachment.cluster_AmazonEKSClusterPolicy",
            "module.challenge_cluster.aws_iam_role_policy_attachment.cluster_AmazonEKSServicePolicy",
            "module.challenge_cluster.aws_iam_role_policy_attachment.cluster_AmazonEKSVPCResourceControllerPolicy",
            "module.challenge_cluster.aws_iam_role_policy_attachment.cluster_elb_sl_role_creation",
            "module.challenge_cluster.aws_iam_role_policy_attachment.workers_AmazonEC2ContainerRegistryReadOnly",
            "module.challenge_cluster.aws_iam_role_policy_attachment.workers_AmazonEKSWorkerNodePolicy",
            "module.challenge_cluster.aws_iam_role_policy_attachment.workers_AmazonEKS_CNI_Policy",
            "module.challenge_cluster.aws_iam_role_policy_attachment.workers_additional_policies",
            "module.challenge_cluster.aws_launch_configuration.workers",
            "module.challenge_cluster.aws_launch_template.workers_launch_template",
            "module.challenge_cluster.aws_security_group.cluster",
            "module.challenge_cluster.aws_security_group.workers",
            "module.challenge_cluster.aws_security_group_rule.cluster_egress_internet",
            "module.challenge_cluster.aws_security_group_rule.cluster_https_worker_ingress",
            "module.challenge_cluster.aws_security_group_rule.cluster_primary_ingress_workers",
            "module.challenge_cluster.aws_security_group_rule.cluster_private_access_cidrs_source",
            "module.challenge_cluster.aws_security_group_rule.cluster_private_access_sg_source",
            "module.challenge_cluster.aws_security_group_rule.workers_egress_internet",
            "module.challenge_cluster.aws_security_group_rule.workers_ingress_cluster",
            "module.challenge_cluster.aws_security_group_rule.workers_ingress_cluster_https",
            "module.challenge_cluster.aws_security_group_rule.workers_ingress_cluster_kubelet",
            "module.challenge_cluster.aws_security_group_rule.workers_ingress_cluster_primary",
            "module.challenge_cluster.aws_security_group_rule.workers_ingress_self",
            "module.challenge_cluster.data.aws_ami.eks_worker",
            "module.challenge_cluster.data.aws_ami.eks_worker_windows",
            "module.challenge_cluster.data.aws_caller_identity.current",
            "module.challenge_cluster.data.aws_iam_instance_profile.custom_worker_group_iam_instance_profile",
            "module.challenge_cluster.data.aws_iam_instance_profile.custom_worker_group_launch_template_iam_instance_profile",
            "module.challenge_cluster.data.aws_iam_policy_document.cluster_assume_role_policy",
            "module.challenge_cluster.data.aws_iam_policy_document.cluster_elb_sl_role_creation",
            "module.challenge_cluster.data.aws_iam_policy_document.workers_assume_role_policy",
            "module.challenge_cluster.data.aws_iam_role.custom_cluster_iam_role",
            "module.challenge_cluster.data.aws_partition.current",
            "module.challenge_cluster.data.http.wait_for_cluster",
            "module.challenge_cluster.kubernetes_config_map.aws_auth",
            "module.challenge_cluster.local_file.kubeconfig",
            "module.challenge_cluster.module.fargate.aws_eks_fargate_profile.this",
            "module.challenge_cluster.module.fargate.aws_iam_role.eks_fargate_pod",
            "module.challenge_cluster.module.fargate.aws_iam_role_policy_attachment.eks_fargate_pod",
            "module.challenge_cluster.module.fargate.data.aws_iam_policy_document.eks_fargate_pod_assume_role",
            "module.challenge_cluster.module.fargate.data.aws_iam_role.custom_fargate_iam_role",
            "module.challenge_cluster.module.node_groups.aws_eks_node_group.workers",
            "module.challenge_cluster.module.node_groups.aws_launch_template.workers",
            "module.challenge_cluster.module.node_groups.data.cloudinit_config.workers_userdata"
          ]
        }
      ]
    },
    {
      "module": "module.challenge_cluster",
      "mode": "data",
      "type": "aws_ami",
      "name": "eks_worker",
      "provider": "provider[\"registry.terraform.io/hashicorp/aws\"]",
      "instances": [
        {
          "index_key": 0,
          "schema_version": 0,
          "attributes": {
            "architecture": "x86_64",
            "arn": "arn:aws:ec2:us-east-2::image/ami-0d74628ef4e6ed5b6",
            "block_device_mappings": [
              {
                "device_name": "/dev/xvda",
                "ebs": {
                  "delete_on_termination": "true",
                  "encrypted": "false",
                  "iops": "0",
                  "snapshot_id": "snap-07a86ad265ffb5c64",
                  "throughput": "0",
                  "volume_size": "20",
                  "volume_type": "gp2"
                },
                "no_device": "",
                "virtual_name": ""
              }
            ],
            "creation_date": "2021-05-26T22:53:13.000Z",
            "description": "EKS Kubernetes Worker AMI with AmazonLinux2 image, (k8s: 1.19.6, docker: 19.03.13ce-1.amzn2, containerd: 1.4.1-2.amzn2)",
            "ena_support": true,
            "executable_users": null,
            "filter": [
              {
                "name": "name",
                "values": [
                  "amazon-eks-node-1.19-v*"
                ]
              }
            ],
            "hypervisor": "xen",
            "id": "ami-0d74628ef4e6ed5b6",
            "image_id": "ami-0d74628ef4e6ed5b6",
            "image_location": "amazon/amazon-eks-node-1.19-v20210526",
            "image_owner_alias": "amazon",
            "image_type": "machine",
            "kernel_id": null,
            "most_recent": true,
            "name": "amazon-eks-node-1.19-v20210526",
            "name_regex": null,
            "owner_id": "602401143452",
            "owners": [
              "amazon"
            ],
            "platform": null,
            "platform_details": "Linux/UNIX",
            "product_codes": [],
            "public": true,
            "ramdisk_id": null,
            "root_device_name": "/dev/xvda",
            "root_device_type": "ebs",
            "root_snapshot_id": "snap-07a86ad265ffb5c64",
            "sriov_net_support": "simple",
            "state": "available",
            "state_reason": {
              "code": "UNSET",
              "message": "UNSET"
            },
            "tags": {},
            "usage_operation": "RunInstances",
            "virtualization_type": "hvm"
          },
          "sensitive_attributes": []
        }
      ]
    },
    {
      "module": "module.challenge_cluster",
      "mode": "data",
      "type": "aws_caller_identity",
      "name": "current",
      "provider": "provider[\"registry.terraform.io/hashicorp/aws\"]",
      "instances": [
        {
          "schema_version": 0,
          "attributes": {
            "account_id": "802295647881",
            "arn": "arn:aws:iam::802295647881:root",
            "id": "802295647881",
            "user_id": "802295647881"
          },
          "sensitive_attributes": []
        }
      ]
    },
    {
      "module": "module.challenge_cluster",
      "mode": "data",
      "type": "aws_iam_policy_document",
      "name": "cluster_assume_role_policy",
      "provider": "provider[\"registry.terraform.io/hashicorp/aws\"]",
      "instances": [
        {
          "schema_version": 0,
          "attributes": {
            "id": "2764486067",
            "json": "{\n  \"Version\": \"2012-10-17\",\n  \"Statement\": [\n    {\n      \"Sid\": \"EKSClusterAssumeRole\",\n      \"Effect\": \"Allow\",\n      \"Action\": \"sts:AssumeRole\",\n      \"Principal\": {\n        \"Service\": \"eks.amazonaws.com\"\n      }\n    }\n  ]\n}",
            "override_json": null,
            "override_policy_documents": null,
            "policy_id": null,
            "source_json": null,
            "source_policy_documents": null,
            "statement": [
              {
                "actions": [
                  "sts:AssumeRole"
                ],
                "condition": [],
                "effect": "Allow",
                "not_actions": [],
                "not_principals": [],
                "not_resources": [],
                "principals": [
                  {
                    "identifiers": [
                      "eks.amazonaws.com"
                    ],
                    "type": "Service"
                  }
                ],
                "resources": [],
                "sid": "EKSClusterAssumeRole"
              }
            ],
            "version": "2012-10-17"
          },
          "sensitive_attributes": []
        }
      ]
    },
    {
      "module": "module.challenge_cluster",
      "mode": "data",
      "type": "aws_iam_policy_document",
      "name": "cluster_elb_sl_role_creation",
      "provider": "provider[\"registry.terraform.io/hashicorp/aws\"]",
      "instances": [
        {
          "index_key": 0,
          "schema_version": 0,
          "attributes": {
            "id": "3709839417",
            "json": "{\n  \"Version\": \"2012-10-17\",\n  \"Statement\": [\n    {\n      \"Sid\": \"\",\n      \"Effect\": \"Allow\",\n      \"Action\": [\n        \"ec2:DescribeInternetGateways\",\n        \"ec2:DescribeAddresses\",\n        \"ec2:DescribeAccountAttributes\"\n      ],\n      \"Resource\": \"*\"\n    }\n  ]\n}",
            "override_json": null,
            "override_policy_documents": null,
            "policy_id": null,
            "source_json": null,
            "source_policy_documents": null,
            "statement": [
              {
                "actions": [
                  "ec2:DescribeAccountAttributes",
                  "ec2:DescribeAddresses",
                  "ec2:DescribeInternetGateways"
                ],
                "condition": [],
                "effect": "Allow",
                "not_actions": [],
                "not_principals": [],
                "not_resources": [],
                "principals": [],
                "resources": [
                  "*"
                ],
                "sid": ""
              }
            ],
            "version": "2012-10-17"
          },
          "sensitive_attributes": []
        }
      ]
    },
    {
      "module": "module.challenge_cluster",
      "mode": "data",
      "type": "aws_iam_policy_document",
      "name": "workers_assume_role_policy",
      "provider": "provider[\"registry.terraform.io/hashicorp/aws\"]",
      "instances": [
        {
          "schema_version": 0,
          "attributes": {
            "id": "3778018924",
            "json": "{\n  \"Version\": \"2012-10-17\",\n  \"Statement\": [\n    {\n      \"Sid\": \"EKSWorkerAssumeRole\",\n      \"Effect\": \"Allow\",\n      \"Action\": \"sts:AssumeRole\",\n      \"Principal\": {\n        \"Service\": \"ec2.amazonaws.com\"\n      }\n    }\n  ]\n}",
            "override_json": null,
            "override_policy_documents": null,
            "policy_id": null,
            "source_json": null,
            "source_policy_documents": null,
            "statement": [
              {
                "actions": [
                  "sts:AssumeRole"
                ],
                "condition": [],
                "effect": "Allow",
                "not_actions": [],
                "not_principals": [],
                "not_resources": [],
                "principals": [
                  {
                    "identifiers": [
                      "ec2.amazonaws.com"
                    ],
                    "type": "Service"
                  }
                ],
                "resources": [],
                "sid": "EKSWorkerAssumeRole"
              }
            ],
            "version": "2012-10-17"
          },
          "sensitive_attributes": []
        }
      ]
    },
    {
      "module": "module.challenge_cluster",
      "mode": "data",
      "type": "aws_partition",
      "name": "current",
      "provider": "provider[\"registry.terraform.io/hashicorp/aws\"]",
      "instances": [
        {
          "schema_version": 0,
          "attributes": {
            "dns_suffix": "amazonaws.com",
            "id": "aws",
            "partition": "aws",
            "reverse_dns_prefix": "com.amazonaws"
          },
          "sensitive_attributes": []
        }
      ]
    },
    {
      "module": "module.challenge_cluster",
      "mode": "data",
      "type": "http",
      "name": "wait_for_cluster",
      "provider": "provider[\"registry.terraform.io/terraform-aws-modules/http\"]",
      "instances": [
        {
          "index_key": 0,
          "schema_version": 0,
          "attributes": {
            "body": "ok",
            "ca_certificate": "-----BEGIN CERTIFICATE-----\nMIIC5zCCAc+gAwIBAgIBADANBgkqhkiG9w0BAQsFADAVMRMwEQYDVQQDEwprdWJl\ncm5ldGVzMB4XDTIxMDYxNjE2MzY1M1oXDTMxMDYxNDE2MzY1M1owFTETMBEGA1UE\nAxMKa3ViZXJuZXRlczCCASIwDQYJKoZIhvcNAQEBBQADggEPADCCAQoCggEBAJ3M\ndjGMtDkD6xzm0J4UmPsAj7g+W1pUmBChvF5hl4jcYlnMEVuiXpRubTaTBiF03+gK\nBOyO8H3a/1FR50EFm+NK5SzSrgF/fX1schD7/XeiaHkQ3v4ejiBT4IN+FYQK9yAl\nh0t4ZI7pJZu48oHlUBYnxXFPjO4bthpVsd7t4LFUM6Whuh01sKD8VhH6I/P7ILak\nlxrBBvRkO81cRlkwI45XniBvUcTaoCpBWi1G6omC2Wj2ApzSl8+DaKrJYtkxvzRB\najLxuPHYw5gX6il0dK8BPnOLNPpqAngUJcxoVXoIjwAmytBrTY4LVHxlAsIY/ro0\n9BP3ve/xfoMpzabl5U8CAwEAAaNCMEAwDgYDVR0PAQH/BAQDAgKkMA8GA1UdEwEB\n/wQFMAMBAf8wHQYDVR0OBBYEFNGqlECdXSHWs4XqwUMtqaql/xmWMA0GCSqGSIb3\nDQEBCwUAA4IBAQBrNtdvDnssd8f+14q1imo4xUPqAe7vLjV160VMNk6dyd26aG3h\n6akqSQoQqzuMH0CaFLGdV+X/lpvZxpEa0B9yf4yYG7RiCfHhNsxI0L7Sua9WJXzU\nAKgYS+NB2AHlTXs58z2q+6JjPwGYs1AXOBsgeFEgwsp2t+jpxS4vPwz7AKOSXJZV\nXug4bKWpu9hWw0o8ejisrvfEHrEcyz8xm72rUVH/W75uC6sRObX8zF8QnMuOywsL\nIvY0cB51FttjOYqO6JQfuU4iuembSrzc+Ja8YBW1TBUV7bnezB9EzytGZn0Dk7ex\nZ7S9iO+DXFmbnoD7Lkh4VUZnqXOT6160Ahzd\n-----END CERTIFICATE-----\n",
            "id": "https://7D57A1C69189C1BF897F2A28A09C90B3.gr7.us-east-2.eks.amazonaws.com/healthz",
            "insecure": false,
            "request_headers": null,
            "response_headers": {
              "Cache-Control": "no-cache, private",
              "Content-Length": "2",
              "Content-Type": "text/plain; charset=utf-8",
              "Date": "Wed, 16 Jun 2021 16:49:26 GMT",
              "X-Content-Type-Options": "nosniff"
            },
            "timeout": 300,
            "url": "https://7D57A1C69189C1BF897F2A28A09C90B3.gr7.us-east-2.eks.amazonaws.com/healthz"
          },
          "sensitive_attributes": []
        }
      ]
    },
    {
      "module": "module.challenge_cluster",
      "mode": "managed",
      "type": "aws_autoscaling_group",
      "name": "workers",
      "provider": "provider[\"registry.terraform.io/hashicorp/aws\"]",
      "instances": [
        {
          "index_key": 0,
          "schema_version": 0,
          "attributes": {
            "arn": "arn:aws:autoscaling:us-east-2:802295647881:autoScalingGroup:6cf5d499-ab7c-41ca-8a58-68ed1f2665eb:autoScalingGroupName/challenge-cluster-worker-group-120210616164026688700000011",
            "availability_zones": [
              "us-east-2a",
              "us-east-2b"
            ],
            "capacity_rebalance": false,
            "default_cooldown": 300,
            "desired_capacity": 2,
            "enabled_metrics": [],
            "force_delete": false,
            "force_delete_warm_pool": false,
            "health_check_grace_period": 300,
            "health_check_type": "EC2",
            "id": "challenge-cluster-worker-group-120210616164026688700000011",
            "initial_lifecycle_hook": [],
            "instance_refresh": [],
            "launch_configuration": "challenge-cluster-worker-group-12021061616401505320000000f",
            "launch_template": [],
            "load_balancers": [],
            "max_instance_lifetime": 0,
            "max_size": 3,
            "metrics_granularity": "1Minute",
            "min_elb_capacity": null,
            "min_size": 1,
            "mixed_instances_policy": [],
            "name": "challenge-cluster-worker-group-120210616164026688700000011",
            "name_prefix": "challenge-cluster-worker-group-1",
            "placement_group": "",
            "protect_from_scale_in": false,
            "service_linked_role_arn": "arn:aws:iam::802295647881:role/aws-service-role/autoscaling.amazonaws.com/AWSServiceRoleForAutoScaling",
            "suspended_processes": [
              "AZRebalance"
            ],
            "tag": [
              {
                "key": "Name",
                "propagate_at_launch": true,
                "value": "challenge-cluster-worker-group-1-eks_asg"
              },
              {
                "key": "k8s.io/cluster/challenge-cluster",
                "propagate_at_launch": true,
                "value": "owned"
              },
              {
                "key": "kubernetes.io/cluster/challenge-cluster",
                "propagate_at_launch": true,
                "value": "owned"
              }
            ],
            "tags": null,
            "target_group_arns": [],
            "termination_policies": [],
            "timeouts": null,
            "vpc_zone_identifier": [
              "subnet-ab47c2d1",
              "subnet-bdffb3d5"
            ],
            "wait_for_capacity_timeout": "10m",
            "wait_for_elb_capacity": null,
            "warm_pool": []
          },
          "sensitive_attributes": [],
          "private": "eyJlMmJmYjczMC1lY2FhLTExZTYtOGY4OC0zNDM2M2JjN2M0YzAiOnsiZGVsZXRlIjo2MDAwMDAwMDAwMDB9fQ==",
          "dependencies": [
            "aws_default_subnet.defaulta",
            "aws_default_subnet.defaultb",
            "aws_default_vpc.default",
            "module.challenge_cluster.aws_cloudwatch_log_group.this",
            "module.challenge_cluster.aws_eks_cluster.this",
            "module.challenge_cluster.aws_iam_instance_profile.workers",
            "module.challenge_cluster.aws_iam_role.cluster",
            "module.challenge_cluster.aws_iam_role.workers",
            "module.challenge_cluster.aws_iam_role_policy_attachment.cluster_AmazonEKSClusterPolicy",
            "module.challenge_cluster.aws_iam_role_policy_attachment.cluster_AmazonEKSServicePolicy",
            "module.challenge_cluster.aws_iam_role_policy_attachment.cluster_AmazonEKSVPCResourceControllerPolicy",
            "module.challenge_cluster.aws_iam_role_policy_attachment.workers_AmazonEC2ContainerRegistryReadOnly",
            "module.challenge_cluster.aws_iam_role_policy_attachment.workers_AmazonEKSWorkerNodePolicy",
            "module.challenge_cluster.aws_iam_role_policy_attachment.workers_AmazonEKS_CNI_Policy",
            "module.challenge_cluster.aws_iam_role_policy_attachment.workers_additional_policies",
            "module.challenge_cluster.aws_launch_configuration.workers",
            "module.challenge_cluster.aws_security_group.cluster",
            "module.challenge_cluster.aws_security_group.workers",
            "module.challenge_cluster.aws_security_group_rule.cluster_egress_internet",
            "module.challenge_cluster.aws_security_group_rule.cluster_https_worker_ingress",
            "module.challenge_cluster.aws_security_group_rule.cluster_primary_ingress_workers",
            "module.challenge_cluster.aws_security_group_rule.workers_egress_internet",
            "module.challenge_cluster.aws_security_group_rule.workers_ingress_cluster",
            "module.challenge_cluster.aws_security_group_rule.workers_ingress_cluster_https",
            "module.challenge_cluster.aws_security_group_rule.workers_ingress_cluster_kubelet",
            "module.challenge_cluster.aws_security_group_rule.workers_ingress_cluster_primary",
            "module.challenge_cluster.aws_security_group_rule.workers_ingress_self",
            "module.challenge_cluster.data.aws_ami.eks_worker",
            "module.challenge_cluster.data.aws_ami.eks_worker_windows",
            "module.challenge_cluster.data.aws_iam_instance_profile.custom_worker_group_iam_instance_profile",
            "module.challenge_cluster.data.aws_iam_policy_document.cluster_assume_role_policy",
            "module.challenge_cluster.data.aws_iam_policy_document.workers_assume_role_policy",
            "module.challenge_cluster.data.aws_iam_role.custom_cluster_iam_role",
            "module.challenge_cluster.data.aws_partition.current"
          ],
          "create_before_destroy": true
        },
        {
          "index_key": 1,
          "schema_version": 0,
          "attributes": {
            "arn": "arn:aws:autoscaling:us-east-2:802295647881:autoScalingGroup:a8dbe4dd-dd78-4e60-9cc1-005df5b1d9e2:autoScalingGroupName/challenge-cluster-worker-group-220210616164026689100000012",
            "availability_zones": [
              "us-east-2a",
              "us-east-2b"
            ],
            "capacity_rebalance": false,
            "default_cooldown": 300,
            "desired_capacity": 2,
            "enabled_metrics": [],
            "force_delete": false,
            "force_delete_warm_pool": false,
            "health_check_grace_period": 300,
            "health_check_type": "EC2",
            "id": "challenge-cluster-worker-group-220210616164026689100000012",
            "initial_lifecycle_hook": [],
            "instance_refresh": [],
            "launch_configuration": "challenge-cluster-worker-group-220210616164015055000000010",
            "launch_template": [],
            "load_balancers": [],
            "max_instance_lifetime": 0,
            "max_size": 3,
            "metrics_granularity": "1Minute",
            "min_elb_capacity": null,
            "min_size": 1,
            "mixed_instances_policy": [],
            "name": "challenge-cluster-worker-group-220210616164026689100000012",
            "name_prefix": "challenge-cluster-worker-group-2",
            "placement_group": "",
            "protect_from_scale_in": false,
            "service_linked_role_arn": "arn:aws:iam::802295647881:role/aws-service-role/autoscaling.amazonaws.com/AWSServiceRoleForAutoScaling",
            "suspended_processes": [
              "AZRebalance"
            ],
            "tag": [
              {
                "key": "Name",
                "propagate_at_launch": true,
                "value": "challenge-cluster-worker-group-2-eks_asg"
              },
              {
                "key": "k8s.io/cluster/challenge-cluster",
                "propagate_at_launch": true,
                "value": "owned"
              },
              {
                "key": "kubernetes.io/cluster/challenge-cluster",
                "propagate_at_launch": true,
                "value": "owned"
              }
            ],
            "tags": null,
            "target_group_arns": [],
            "termination_policies": [],
            "timeouts": null,
            "vpc_zone_identifier": [
              "subnet-ab47c2d1",
              "subnet-bdffb3d5"
            ],
            "wait_for_capacity_timeout": "10m",
            "wait_for_elb_capacity": null,
            "warm_pool": []
          },
          "sensitive_attributes": [],
          "private": "eyJlMmJmYjczMC1lY2FhLTExZTYtOGY4OC0zNDM2M2JjN2M0YzAiOnsiZGVsZXRlIjo2MDAwMDAwMDAwMDB9fQ==",
          "dependencies": [
            "aws_default_subnet.defaulta",
            "aws_default_subnet.defaultb",
            "aws_default_vpc.default",
            "module.challenge_cluster.aws_cloudwatch_log_group.this",
            "module.challenge_cluster.aws_eks_cluster.this",
            "module.challenge_cluster.aws_iam_instance_profile.workers",
            "module.challenge_cluster.aws_iam_role.cluster",
            "module.challenge_cluster.aws_iam_role.workers",
            "module.challenge_cluster.aws_iam_role_policy_attachment.cluster_AmazonEKSClusterPolicy",
            "module.challenge_cluster.aws_iam_role_policy_attachment.cluster_AmazonEKSServicePolicy",
            "module.challenge_cluster.aws_iam_role_policy_attachment.cluster_AmazonEKSVPCResourceControllerPolicy",
            "module.challenge_cluster.aws_iam_role_policy_attachment.workers_AmazonEC2ContainerRegistryReadOnly",
            "module.challenge_cluster.aws_iam_role_policy_attachment.workers_AmazonEKSWorkerNodePolicy",
            "module.challenge_cluster.aws_iam_role_policy_attachment.workers_AmazonEKS_CNI_Policy",
            "module.challenge_cluster.aws_iam_role_policy_attachment.workers_additional_policies",
            "module.challenge_cluster.aws_launch_configuration.workers",
            "module.challenge_cluster.aws_security_group.cluster",
            "module.challenge_cluster.aws_security_group.workers",
            "module.challenge_cluster.aws_security_group_rule.cluster_egress_internet",
            "module.challenge_cluster.aws_security_group_rule.cluster_https_worker_ingress",
            "module.challenge_cluster.aws_security_group_rule.cluster_primary_ingress_workers",
            "module.challenge_cluster.aws_security_group_rule.workers_egress_internet",
            "module.challenge_cluster.aws_security_group_rule.workers_ingress_cluster",
            "module.challenge_cluster.aws_security_group_rule.workers_ingress_cluster_https",
            "module.challenge_cluster.aws_security_group_rule.workers_ingress_cluster_kubelet",
            "module.challenge_cluster.aws_security_group_rule.workers_ingress_cluster_primary",
            "module.challenge_cluster.aws_security_group_rule.workers_ingress_self",
            "module.challenge_cluster.data.aws_ami.eks_worker",
            "module.challenge_cluster.data.aws_ami.eks_worker_windows",
            "module.challenge_cluster.data.aws_iam_instance_profile.custom_worker_group_iam_instance_profile",
            "module.challenge_cluster.data.aws_iam_policy_document.cluster_assume_role_policy",
            "module.challenge_cluster.data.aws_iam_policy_document.workers_assume_role_policy",
            "module.challenge_cluster.data.aws_iam_role.custom_cluster_iam_role",
            "module.challenge_cluster.data.aws_partition.current"
          ],
          "create_before_destroy": true
        }
      ]
    },
    {
      "module": "module.challenge_cluster",
      "mode": "managed",
      "type": "aws_eks_cluster",
      "name": "this",
      "provider": "provider[\"registry.terraform.io/hashicorp/aws\"]",
      "instances": [
        {
          "index_key": 0,
          "schema_version": 0,
          "attributes": {
            "arn": "arn:aws:eks:us-east-2:802295647881:cluster/challenge-cluster",
            "certificate_authority": [
              {
                "data": "LS0tLS1CRUdJTiBDRVJUSUZJQ0FURS0tLS0tCk1JSUM1ekNDQWMrZ0F3SUJBZ0lCQURBTkJna3Foa2lHOXcwQkFRc0ZBREFWTVJNd0VRWURWUVFERXdwcmRXSmwKY201bGRHVnpNQjRYRFRJeE1EWXhOakUyTXpZMU0xb1hEVE14TURZeE5ERTJNelkxTTFvd0ZURVRNQkVHQTFVRQpBeE1LYTNWaVpYSnVaWFJsY3pDQ0FTSXdEUVlKS29aSWh2Y05BUUVCQlFBRGdnRVBBRENDQVFvQ2dnRUJBSjNNCmRqR010RGtENnh6bTBKNFVtUHNBajdnK1cxcFVtQkNodkY1aGw0amNZbG5NRVZ1aVhwUnViVGFUQmlGMDMrZ0sKQk95TzhIM2EvMUZSNTBFRm0rTks1U3pTcmdGL2ZYMXNjaEQ3L1hlaWFIa1EzdjRlamlCVDRJTitGWVFLOXlBbApoMHQ0Wkk3cEpadTQ4b0hsVUJZbnhYRlBqTzRidGhwVnNkN3Q0TEZVTTZXaHVoMDFzS0Q4VmhINkkvUDdJTGFrCmx4ckJCdlJrTzgxY1Jsa3dJNDVYbmlCdlVjVGFvQ3BCV2kxRzZvbUMyV2oyQXB6U2w4K0RhS3JKWXRreHZ6UkIKYWpMeHVQSFl3NWdYNmlsMGRLOEJQbk9MTlBwcUFuZ1VKY3hvVlhvSWp3QW15dEJyVFk0TFZIeGxBc0lZL3JvMAo5QlAzdmUveGZvTXB6YWJsNVU4Q0F3RUFBYU5DTUVBd0RnWURWUjBQQVFIL0JBUURBZ0trTUE4R0ExVWRFd0VCCi93UUZNQU1CQWY4d0hRWURWUjBPQkJZRUZOR3FsRUNkWFNIV3M0WHF3VU10cWFxbC94bVdNQTBHQ1NxR1NJYjMKRFFFQkN3VUFBNElCQVFCck50ZHZEbnNzZDhmKzE0cTFpbW80eFVQcUFlN3ZMalYxNjBWTU5rNmR5ZDI2YUczaAo2YWtxU1FvUXF6dU1IMENhRkxHZFYrWC9scHZaeHBFYTBCOXlmNHlZRzdSaUNmSGhOc3hJMEw3U3VhOVdKWHpVCkFLZ1lTK05CMkFIbFRYczU4ejJxKzZKalB3R1lzMUFYT0JzZ2VGRWd3c3AydCtqcHhTNHZQd3o3QUtPU1hKWlYKWHVnNGJLV3B1OWhXdzBvOGVqaXNydmZFSHJFY3l6OHhtNzJyVVZIL1c3NXVDNnNST2JYOHpGOFFuTXVPeXdzTApJdlkwY0I1MUZ0dGpPWXFPNkpRZnVVNGl1ZW1iU3J6YytKYThZQlcxVEJVVjdibmV6QjlFenl0R1puMERrN2V4Clo3UzlpTytEWEZtYm5vRDdMa2g0VlVabnFYT1Q2MTYwQWh6ZAotLS0tLUVORCBDRVJUSUZJQ0FURS0tLS0tCg=="
              }
            ],
            "created_at": "2021-06-16 16:31:41.86 +0000 UTC",
            "enabled_cluster_log_types": [],
            "encryption_config": [],
            "endpoint": "https://7D57A1C69189C1BF897F2A28A09C90B3.gr7.us-east-2.eks.amazonaws.com",
            "id": "challenge-cluster",
            "identity": [
              {
                "oidc": [
                  {
                    "issuer": "https://oidc.eks.us-east-2.amazonaws.com/id/7D57A1C69189C1BF897F2A28A09C90B3"
                  }
                ]
              }
            ],
            "kubernetes_network_config": [
              {
                "service_ipv4_cidr": "10.100.0.0/16"
              }
            ],
            "name": "challenge-cluster",
            "platform_version": "eks.5",
            "role_arn": "arn:aws:iam::802295647881:role/challenge-cluster20210616163114905300000001",
            "status": "ACTIVE",
            "tags": {},
            "tags_all": {},
            "timeouts": {
              "create": "30m",
              "delete": "15m",
              "update": null
            },
            "version": "1.19",
            "vpc_config": [
              {
                "cluster_security_group_id": "sg-0cb82f797c0b60726",
                "endpoint_private_access": false,
                "endpoint_public_access": true,
                "public_access_cidrs": [
                  "0.0.0.0/0"
                ],
                "security_group_ids": [
                  "sg-04e837ee791dc7dfa"
                ],
                "subnet_ids": [
                  "subnet-ab47c2d1",
                  "subnet-bdffb3d5"
                ],
                "vpc_id": "vpc-3883da50"
              }
            ]
          },
          "sensitive_attributes": [],
          "private": "eyJlMmJmYjczMC1lY2FhLTExZTYtOGY4OC0zNDM2M2JjN2M0YzAiOnsiY3JlYXRlIjoxODAwMDAwMDAwMDAwLCJkZWxldGUiOjkwMDAwMDAwMDAwMCwidXBkYXRlIjozNjAwMDAwMDAwMDAwfX0=",
          "dependencies": [
            "aws_default_subnet.defaulta",
            "aws_default_subnet.defaultb",
            "aws_default_vpc.default",
            "module.challenge_cluster.aws_cloudwatch_log_group.this",
            "module.challenge_cluster.aws_iam_role.cluster",
            "module.challenge_cluster.aws_iam_role_policy_attachment.cluster_AmazonEKSClusterPolicy",
            "module.challenge_cluster.aws_iam_role_policy_attachment.cluster_AmazonEKSServicePolicy",
            "module.challenge_cluster.aws_iam_role_policy_attachment.cluster_AmazonEKSVPCResourceControllerPolicy",
            "module.challenge_cluster.aws_security_group.cluster",
            "module.challenge_cluster.aws_security_group.workers",
            "module.challenge_cluster.aws_security_group_rule.cluster_egress_internet",
            "module.challenge_cluster.aws_security_group_rule.cluster_https_worker_ingress",
            "module.challenge_cluster.data.aws_iam_policy_document.cluster_assume_role_policy",
            "module.challenge_cluster.data.aws_iam_role.custom_cluster_iam_role",
            "module.challenge_cluster.data.aws_partition.current"
          ],
          "create_before_destroy": true
        }
      ]
    },
    {
      "module": "module.challenge_cluster",
      "mode": "managed",
      "type": "aws_iam_instance_profile",
      "name": "workers",
      "provider": "provider[\"registry.terraform.io/hashicorp/aws\"]",
      "instances": [
        {
          "index_key": 0,
          "schema_version": 0,
          "attributes": {
            "arn": "arn:aws:iam::802295647881:instance-profile/challenge-cluster2021061616401230180000000a",
            "create_date": "2021-06-16T16:40:12Z",
            "id": "challenge-cluster2021061616401230180000000a",
            "name": "challenge-cluster2021061616401230180000000a",
            "name_prefix": "challenge-cluster",
            "path": "/",
            "role": "challenge-cluster20210616164008672500000009",
            "tags": {},
            "tags_all": {},
            "unique_id": "AIPA3VTEMB2ETAW5MSFTL"
          },
          "sensitive_attributes": [],
          "private": "bnVsbA==",
          "dependencies": [
            "aws_default_subnet.defaulta",
            "aws_default_subnet.defaultb",
            "aws_default_vpc.default",
            "module.challenge_cluster.aws_cloudwatch_log_group.this",
            "module.challenge_cluster.aws_eks_cluster.this",
            "module.challenge_cluster.aws_iam_role.cluster",
            "module.challenge_cluster.aws_iam_role.workers",
            "module.challenge_cluster.aws_iam_role_policy_attachment.cluster_AmazonEKSClusterPolicy",
            "module.challenge_cluster.aws_iam_role_policy_attachment.cluster_AmazonEKSServicePolicy",
            "module.challenge_cluster.aws_iam_role_policy_attachment.cluster_AmazonEKSVPCResourceControllerPolicy",
            "module.challenge_cluster.aws_security_group.cluster",
            "module.challenge_cluster.aws_security_group.workers",
            "module.challenge_cluster.aws_security_group_rule.cluster_egress_internet",
            "module.challenge_cluster.aws_security_group_rule.cluster_https_worker_ingress",
            "module.challenge_cluster.data.aws_iam_policy_document.cluster_assume_role_policy",
            "module.challenge_cluster.data.aws_iam_policy_document.workers_assume_role_policy",
            "module.challenge_cluster.data.aws_iam_role.custom_cluster_iam_role",
            "module.challenge_cluster.data.aws_partition.current"
          ],
          "create_before_destroy": true
        },
        {
          "index_key": 1,
          "schema_version": 0,
          "attributes": {
            "arn": "arn:aws:iam::802295647881:instance-profile/challenge-cluster2021061616401230180000000b",
            "create_date": "2021-06-16T16:40:12Z",
            "id": "challenge-cluster2021061616401230180000000b",
            "name": "challenge-cluster2021061616401230180000000b",
            "name_prefix": "challenge-cluster",
            "path": "/",
            "role": "challenge-cluster20210616164008672500000009",
            "tags": {},
            "tags_all": {},
            "unique_id": "AIPA3VTEMB2E5A6FFOBMI"
          },
          "sensitive_attributes": [],
          "private": "bnVsbA==",
          "dependencies": [
            "aws_default_subnet.defaulta",
            "aws_default_subnet.defaultb",
            "aws_default_vpc.default",
            "module.challenge_cluster.aws_cloudwatch_log_group.this",
            "module.challenge_cluster.aws_eks_cluster.this",
            "module.challenge_cluster.aws_iam_role.cluster",
            "module.challenge_cluster.aws_iam_role.workers",
            "module.challenge_cluster.aws_iam_role_policy_attachment.cluster_AmazonEKSClusterPolicy",
            "module.challenge_cluster.aws_iam_role_policy_attachment.cluster_AmazonEKSServicePolicy",
            "module.challenge_cluster.aws_iam_role_policy_attachment.cluster_AmazonEKSVPCResourceControllerPolicy",
            "module.challenge_cluster.aws_security_group.cluster",
            "module.challenge_cluster.aws_security_group.workers",
            "module.challenge_cluster.aws_security_group_rule.cluster_egress_internet",
            "module.challenge_cluster.aws_security_group_rule.cluster_https_worker_ingress",
            "module.challenge_cluster.data.aws_iam_policy_document.cluster_assume_role_policy",
            "module.challenge_cluster.data.aws_iam_policy_document.workers_assume_role_policy",
            "module.challenge_cluster.data.aws_iam_role.custom_cluster_iam_role",
            "module.challenge_cluster.data.aws_partition.current"
          ],
          "create_before_destroy": true
        }
      ]
    },
    {
      "module": "module.challenge_cluster",
      "mode": "managed",
      "type": "aws_iam_policy",
      "name": "cluster_elb_sl_role_creation",
      "provider": "provider[\"registry.terraform.io/hashicorp/aws\"]",
      "instances": [
        {
          "index_key": 0,
          "schema_version": 0,
          "attributes": {
            "arn": "arn:aws:iam::802295647881:policy/challenge-cluster-elb-sl-role-creation20210616163114906600000002",
            "description": "Permissions for EKS to create AWSServiceRoleForElasticLoadBalancing service-linked role",
            "id": "arn:aws:iam::802295647881:policy/challenge-cluster-elb-sl-role-creation20210616163114906600000002",
            "name": "challenge-cluster-elb-sl-role-creation20210616163114906600000002",
            "name_prefix": "challenge-cluster-elb-sl-role-creation",
            "path": "/",
            "policy": "{\n  \"Version\": \"2012-10-17\",\n  \"Statement\": [\n    {\n      \"Sid\": \"\",\n      \"Effect\": \"Allow\",\n      \"Action\": [\n        \"ec2:DescribeInternetGateways\",\n        \"ec2:DescribeAddresses\",\n        \"ec2:DescribeAccountAttributes\"\n      ],\n      \"Resource\": \"*\"\n    }\n  ]\n}",
            "policy_id": "ANPA3VTEMB2E4JTYE3QNQ",
            "tags": {},
            "tags_all": {}
          },
          "sensitive_attributes": [],
          "private": "bnVsbA==",
          "dependencies": [
            "module.challenge_cluster.data.aws_iam_policy_document.cluster_elb_sl_role_creation"
          ]
        }
      ]
    },
    {
      "module": "module.challenge_cluster",
      "mode": "managed",
      "type": "aws_iam_role",
      "name": "cluster",
      "provider": "provider[\"registry.terraform.io/hashicorp/aws\"]",
      "instances": [
        {
          "index_key": 0,
          "schema_version": 0,
          "attributes": {
            "arn": "arn:aws:iam::802295647881:role/challenge-cluster20210616163114905300000001",
            "assume_role_policy": "{\"Version\":\"2012-10-17\",\"Statement\":[{\"Sid\":\"EKSClusterAssumeRole\",\"Effect\":\"Allow\",\"Principal\":{\"Service\":\"eks.amazonaws.com\"},\"Action\":\"sts:AssumeRole\"}]}",
            "create_date": "2021-06-16T16:31:16Z",
            "description": "",
            "force_detach_policies": true,
            "id": "challenge-cluster20210616163114905300000001",
            "inline_policy": [
              {
                "name": "",
                "policy": ""
              }
            ],
            "managed_policy_arns": [
              "arn:aws:iam::802295647881:policy/challenge-cluster-elb-sl-role-creation20210616163114906600000002",
              "arn:aws:iam::aws:policy/AmazonEKSClusterPolicy",
              "arn:aws:iam::aws:policy/AmazonEKSServicePolicy",
              "arn:aws:iam::aws:policy/AmazonEKSVPCResourceController"
            ],
            "max_session_duration": 3600,
            "name": "challenge-cluster20210616163114905300000001",
            "name_prefix": "challenge-cluster",
            "path": "/",
            "permissions_boundary": null,
            "tags": {},
            "tags_all": {},
            "unique_id": "AROA3VTEMB2ERG6HGIPZA"
          },
          "sensitive_attributes": [],
          "private": "bnVsbA==",
          "dependencies": [
            "module.challenge_cluster.data.aws_iam_policy_document.cluster_assume_role_policy"
          ],
          "create_before_destroy": true
        }
      ]
    },
    {
      "module": "module.challenge_cluster",
      "mode": "managed",
      "type": "aws_iam_role",
      "name": "workers",
      "provider": "provider[\"registry.terraform.io/hashicorp/aws\"]",
      "instances": [
        {
          "index_key": 0,
          "schema_version": 0,
          "attributes": {
            "arn": "arn:aws:iam::802295647881:role/challenge-cluster20210616164008672500000009",
            "assume_role_policy": "{\"Version\":\"2012-10-17\",\"Statement\":[{\"Sid\":\"EKSWorkerAssumeRole\",\"Effect\":\"Allow\",\"Principal\":{\"Service\":\"ec2.amazonaws.com\"},\"Action\":\"sts:AssumeRole\"}]}",
            "create_date": "2021-06-16T16:40:10Z",
            "description": "",
            "force_detach_policies": true,
            "id": "challenge-cluster20210616164008672500000009",
            "inline_policy": [
              {
                "name": "",
                "policy": ""
              }
            ],
            "managed_policy_arns": [
              "arn:aws:iam::aws:policy/AmazonEC2ContainerRegistryReadOnly",
              "arn:aws:iam::aws:policy/AmazonEKSWorkerNodePolicy",
              "arn:aws:iam::aws:policy/AmazonEKS_CNI_Policy"
            ],
            "max_session_duration": 3600,
            "name": "challenge-cluster20210616164008672500000009",
            "name_prefix": "challenge-cluster",
            "path": "/",
            "permissions_boundary": null,
            "tags": {},
            "tags_all": {},
            "unique_id": "AROA3VTEMB2E3UJY4VKOU"
          },
          "sensitive_attributes": [],
          "private": "bnVsbA==",
          "dependencies": [
            "aws_default_subnet.defaulta",
            "aws_default_subnet.defaultb",
            "aws_default_vpc.default",
            "module.challenge_cluster.aws_cloudwatch_log_group.this",
            "module.challenge_cluster.aws_eks_cluster.this",
            "module.challenge_cluster.aws_iam_role.cluster",
            "module.challenge_cluster.aws_iam_role_policy_attachment.cluster_AmazonEKSClusterPolicy",
            "module.challenge_cluster.aws_iam_role_policy_attachment.cluster_AmazonEKSServicePolicy",
            "module.challenge_cluster.aws_iam_role_policy_attachment.cluster_AmazonEKSVPCResourceControllerPolicy",
            "module.challenge_cluster.aws_security_group.cluster",
            "module.challenge_cluster.aws_security_group.workers",
            "module.challenge_cluster.aws_security_group_rule.cluster_egress_internet",
            "module.challenge_cluster.aws_security_group_rule.cluster_https_worker_ingress",
            "module.challenge_cluster.data.aws_iam_policy_document.cluster_assume_role_policy",
            "module.challenge_cluster.data.aws_iam_policy_document.workers_assume_role_policy",
            "module.challenge_cluster.data.aws_iam_role.custom_cluster_iam_role",
            "module.challenge_cluster.data.aws_partition.current"
          ],
          "create_before_destroy": true
        }
      ]
    },
    {
      "module": "module.challenge_cluster",
      "mode": "managed",
      "type": "aws_iam_role_policy_attachment",
      "name": "cluster_AmazonEKSClusterPolicy",
      "provider": "provider[\"registry.terraform.io/hashicorp/aws\"]",
      "instances": [
        {
          "index_key": 0,
          "schema_version": 0,
          "attributes": {
            "id": "challenge-cluster20210616163114905300000001-20210616163119143500000005",
            "policy_arn": "arn:aws:iam::aws:policy/AmazonEKSClusterPolicy",
            "role": "challenge-cluster20210616163114905300000001"
          },
          "sensitive_attributes": [],
          "private": "bnVsbA==",
          "dependencies": [
            "module.challenge_cluster.aws_iam_role.cluster",
            "module.challenge_cluster.data.aws_iam_policy_document.cluster_assume_role_policy",
            "module.challenge_cluster.data.aws_partition.current"
          ],
          "create_before_destroy": true
        }
      ]
    },
    {
      "module": "module.challenge_cluster",
      "mode": "managed",
      "type": "aws_iam_role_policy_attachment",
      "name": "cluster_AmazonEKSServicePolicy",
      "provider": "provider[\"registry.terraform.io/hashicorp/aws\"]",
      "instances": [
        {
          "index_key": 0,
          "schema_version": 0,
          "attributes": {
            "id": "challenge-cluster20210616163114905300000001-20210616163119151700000006",
            "policy_arn": "arn:aws:iam::aws:policy/AmazonEKSServicePolicy",
            "role": "challenge-cluster20210616163114905300000001"
          },
          "sensitive_attributes": [],
          "private": "bnVsbA==",
          "dependencies": [
            "module.challenge_cluster.aws_iam_role.cluster",
            "module.challenge_cluster.data.aws_iam_policy_document.cluster_assume_role_policy",
            "module.challenge_cluster.data.aws_partition.current"
          ],
          "create_before_destroy": true
        }
      ]
    },
    {
      "module": "module.challenge_cluster",
      "mode": "managed",
      "type": "aws_iam_role_policy_attachment",
      "name": "cluster_AmazonEKSVPCResourceControllerPolicy",
      "provider": "provider[\"registry.terraform.io/hashicorp/aws\"]",
      "instances": [
        {
          "index_key": 0,
          "schema_version": 0,
          "attributes": {
            "id": "challenge-cluster20210616163114905300000001-20210616163119138500000004",
            "policy_arn": "arn:aws:iam::aws:policy/AmazonEKSVPCResourceController",
            "role": "challenge-cluster20210616163114905300000001"
          },
          "sensitive_attributes": [],
          "private": "bnVsbA==",
          "dependencies": [
            "module.challenge_cluster.aws_iam_role.cluster",
            "module.challenge_cluster.data.aws_iam_policy_document.cluster_assume_role_policy",
            "module.challenge_cluster.data.aws_partition.current"
          ],
          "create_before_destroy": true
        }
      ]
    },
    {
      "module": "module.challenge_cluster",
      "mode": "managed",
      "type": "aws_iam_role_policy_attachment",
      "name": "cluster_elb_sl_role_creation",
      "provider": "provider[\"registry.terraform.io/hashicorp/aws\"]",
      "instances": [
        {
          "index_key": 0,
          "schema_version": 0,
          "attributes": {
            "id": "challenge-cluster20210616163114905300000001-20210616163119135700000003",
            "policy_arn": "arn:aws:iam::802295647881:policy/challenge-cluster-elb-sl-role-creation20210616163114906600000002",
            "role": "challenge-cluster20210616163114905300000001"
          },
          "sensitive_attributes": [],
          "private": "bnVsbA==",
          "dependencies": [
            "module.challenge_cluster.aws_iam_policy.cluster_elb_sl_role_creation",
            "module.challenge_cluster.aws_iam_role.cluster",
            "module.challenge_cluster.data.aws_iam_policy_document.cluster_assume_role_policy",
            "module.challenge_cluster.data.aws_iam_policy_document.cluster_elb_sl_role_creation"
          ]
        }
      ]
    },
    {
      "module": "module.challenge_cluster",
      "mode": "managed",
      "type": "aws_iam_role_policy_attachment",
      "name": "workers_AmazonEC2ContainerRegistryReadOnly",
      "provider": "provider[\"registry.terraform.io/hashicorp/aws\"]",
      "instances": [
        {
          "index_key": 0,
          "schema_version": 0,
          "attributes": {
            "id": "challenge-cluster20210616164008672500000009-2021061616401283050000000c",
            "policy_arn": "arn:aws:iam::aws:policy/AmazonEC2ContainerRegistryReadOnly",
            "role": "challenge-cluster20210616164008672500000009"
          },
          "sensitive_attributes": [],
          "private": "bnVsbA==",
          "dependencies": [
            "aws_default_subnet.defaulta",
            "aws_default_subnet.defaultb",
            "aws_default_vpc.default",
            "module.challenge_cluster.aws_cloudwatch_log_group.this",
            "module.challenge_cluster.aws_eks_cluster.this",
            "module.challenge_cluster.aws_iam_role.cluster",
            "module.challenge_cluster.aws_iam_role.workers",
            "module.challenge_cluster.aws_iam_role_policy_attachment.cluster_AmazonEKSClusterPolicy",
            "module.challenge_cluster.aws_iam_role_policy_attachment.cluster_AmazonEKSServicePolicy",
            "module.challenge_cluster.aws_iam_role_policy_attachment.cluster_AmazonEKSVPCResourceControllerPolicy",
            "module.challenge_cluster.aws_security_group.cluster",
            "module.challenge_cluster.aws_security_group.workers",
            "module.challenge_cluster.aws_security_group_rule.cluster_egress_internet",
            "module.challenge_cluster.aws_security_group_rule.cluster_https_worker_ingress",
            "module.challenge_cluster.data.aws_iam_policy_document.cluster_assume_role_policy",
            "module.challenge_cluster.data.aws_iam_policy_document.workers_assume_role_policy",
            "module.challenge_cluster.data.aws_iam_role.custom_cluster_iam_role",
            "module.challenge_cluster.data.aws_partition.current"
          ],
          "create_before_destroy": true
        }
      ]
    },
    {
      "module": "module.challenge_cluster",
      "mode": "managed",
      "type": "aws_iam_role_policy_attachment",
      "name": "workers_AmazonEKSWorkerNodePolicy",
      "provider": "provider[\"registry.terraform.io/hashicorp/aws\"]",
      "instances": [
        {
          "index_key": 0,
          "schema_version": 0,
          "attributes": {
            "id": "challenge-cluster20210616164008672500000009-2021061616401287410000000e",
            "policy_arn": "arn:aws:iam::aws:policy/AmazonEKSWorkerNodePolicy",
            "role": "challenge-cluster20210616164008672500000009"
          },
          "sensitive_attributes": [],
          "private": "bnVsbA==",
          "dependencies": [
            "aws_default_subnet.defaulta",
            "aws_default_subnet.defaultb",
            "aws_default_vpc.default",
            "module.challenge_cluster.aws_cloudwatch_log_group.this",
            "module.challenge_cluster.aws_eks_cluster.this",
            "module.challenge_cluster.aws_iam_role.cluster",
            "module.challenge_cluster.aws_iam_role.workers",
            "module.challenge_cluster.aws_iam_role_policy_attachment.cluster_AmazonEKSClusterPolicy",
            "module.challenge_cluster.aws_iam_role_policy_attachment.cluster_AmazonEKSServicePolicy",
            "module.challenge_cluster.aws_iam_role_policy_attachment.cluster_AmazonEKSVPCResourceControllerPolicy",
            "module.challenge_cluster.aws_security_group.cluster",
            "module.challenge_cluster.aws_security_group.workers",
            "module.challenge_cluster.aws_security_group_rule.cluster_egress_internet",
            "module.challenge_cluster.aws_security_group_rule.cluster_https_worker_ingress",
            "module.challenge_cluster.data.aws_iam_policy_document.cluster_assume_role_policy",
            "module.challenge_cluster.data.aws_iam_policy_document.workers_assume_role_policy",
            "module.challenge_cluster.data.aws_iam_role.custom_cluster_iam_role",
            "module.challenge_cluster.data.aws_partition.current"
          ],
          "create_before_destroy": true
        }
      ]
    },
    {
      "module": "module.challenge_cluster",
      "mode": "managed",
      "type": "aws_iam_role_policy_attachment",
      "name": "workers_AmazonEKS_CNI_Policy",
      "provider": "provider[\"registry.terraform.io/hashicorp/aws\"]",
      "instances": [
        {
          "index_key": 0,
          "schema_version": 0,
          "attributes": {
            "id": "challenge-cluster20210616164008672500000009-2021061616401283710000000d",
            "policy_arn": "arn:aws:iam::aws:policy/AmazonEKS_CNI_Policy",
            "role": "challenge-cluster20210616164008672500000009"
          },
          "sensitive_attributes": [],
          "private": "bnVsbA==",
          "dependencies": [
            "aws_default_subnet.defaulta",
            "aws_default_subnet.defaultb",
            "aws_default_vpc.default",
            "module.challenge_cluster.aws_cloudwatch_log_group.this",
            "module.challenge_cluster.aws_eks_cluster.this",
            "module.challenge_cluster.aws_iam_role.cluster",
            "module.challenge_cluster.aws_iam_role.workers",
            "module.challenge_cluster.aws_iam_role_policy_attachment.cluster_AmazonEKSClusterPolicy",
            "module.challenge_cluster.aws_iam_role_policy_attachment.cluster_AmazonEKSServicePolicy",
            "module.challenge_cluster.aws_iam_role_policy_attachment.cluster_AmazonEKSVPCResourceControllerPolicy",
            "module.challenge_cluster.aws_security_group.cluster",
            "module.challenge_cluster.aws_security_group.workers",
            "module.challenge_cluster.aws_security_group_rule.cluster_egress_internet",
            "module.challenge_cluster.aws_security_group_rule.cluster_https_worker_ingress",
            "module.challenge_cluster.data.aws_iam_policy_document.cluster_assume_role_policy",
            "module.challenge_cluster.data.aws_iam_policy_document.workers_assume_role_policy",
            "module.challenge_cluster.data.aws_iam_role.custom_cluster_iam_role",
            "module.challenge_cluster.data.aws_partition.current"
          ],
          "create_before_destroy": true
        }
      ]
    },
    {
      "module": "module.challenge_cluster",
      "mode": "managed",
      "type": "aws_launch_configuration",
      "name": "workers",
      "provider": "provider[\"registry.terraform.io/hashicorp/aws\"]",
      "instances": [
        {
          "index_key": 0,
          "schema_version": 0,
          "attributes": {
            "arn": "arn:aws:autoscaling:us-east-2:802295647881:launchConfiguration:fd3cb092-5d78-4277-8cd8-64837635afe5:launchConfigurationName/challenge-cluster-worker-group-12021061616401505320000000f",
            "associate_public_ip_address": false,
            "ebs_block_device": [],
            "ebs_optimized": false,
            "enable_monitoring": true,
            "ephemeral_block_device": [],
            "iam_instance_profile": "challenge-cluster2021061616401230180000000a",
            "id": "challenge-cluster-worker-group-12021061616401505320000000f",
            "image_id": "ami-0d74628ef4e6ed5b6",
            "instance_type": "t2.small",
            "key_name": "",
            "metadata_options": [
              {
                "http_endpoint": "enabled",
                "http_put_response_hop_limit": 1,
                "http_tokens": "optional"
              }
            ],
            "name": "challenge-cluster-worker-group-12021061616401505320000000f",
            "name_prefix": "challenge-cluster-worker-group-1",
            "placement_tenancy": "",
            "root_block_device": [
              {
                "delete_on_termination": true,
                "encrypted": false,
                "iops": 0,
                "throughput": 0,
                "volume_size": 100,
                "volume_type": "gp2"
              }
            ],
            "security_groups": [
              "sg-008ef4c1ef43be87d"
            ],
            "spot_price": "",
            "user_data": null,
            "user_data_base64": "IyEvYmluL2Jhc2ggLWUKCiMgQWxsb3cgdXNlciBzdXBwbGllZCBwcmUgdXNlcmRhdGEgY29kZQoKCiMgQm9vdHN0cmFwIGFuZCBqb2luIHRoZSBjbHVzdGVyCi9ldGMvZWtzL2Jvb3RzdHJhcC5zaCAtLWI2NC1jbHVzdGVyLWNhICdMUzB0TFMxQ1JVZEpUaUJEUlZKVVNVWkpRMEZVUlMwdExTMHRDazFKU1VNMWVrTkRRV01yWjBGM1NVSkJaMGxDUVVSQlRrSm5hM0ZvYTJsSE9YY3dRa0ZSYzBaQlJFRldUVkpOZDBWUldVUldVVkZFUlhkd2NtUlhTbXdLWTIwMWJHUkhWbnBOUWpSWVJGUkplRTFFV1hoT2FrVXlUWHBaTVUweGIxaEVWRTE0VFVSWmVFNUVSVEpOZWxreFRURnZkMFpVUlZSTlFrVkhRVEZWUlFwQmVFMUxZVE5XYVZwWVNuVmFXRkpzWTNwRFEwRlRTWGRFVVZsS1MyOWFTV2gyWTA1QlVVVkNRbEZCUkdkblJWQkJSRU5EUVZGdlEyZG5SVUpCU2pOTkNtUnFSMDEwUkd0RU5uaDZiVEJLTkZWdFVITkJhamRuSzFjeGNGVnRRa05vZGtZMWFHdzBhbU5aYkc1TlJWWjFhVmh3VW5WaVZHRlVRbWxHTURNclowc0tRazk1VHpoSU0yRXZNVVpTTlRCRlJtMHJUa3MxVTNwVGNtZEdMMlpZTVhOamFFUTNMMWhsYVdGSWExRXpkalJsYW1sQ1ZEUkpUaXRHV1ZGTE9YbEJiQXBvTUhRMFdrazNjRXBhZFRRNGIwaHNWVUpaYm5oWVJsQnFUelJpZEdod1ZuTmtOM1EwVEVaVlRUWlhhSFZvTURGelMwUTRWbWhJTmtrdlVEZEpUR0ZyQ214NGNrSkNkbEpyVHpneFkxSnNhM2RKTkRWWWJtbENkbFZqVkdGdlEzQkNWMmt4UnpadmJVTXlWMm95UVhCNlUydzRLMFJoUzNKS1dYUnJlSFo2VWtJS1lXcE1lSFZRU0ZsM05XZFlObWxzTUdSTE9FSlFiazlNVGxCd2NVRnVaMVZLWTNodlZsaHZTV3AzUVcxNWRFSnlWRmswVEZaSWVHeEJjMGxaTDNKdk1BbzVRbEF6ZG1VdmVHWnZUWEI2WVdKc05WVTRRMEYzUlVGQllVNURUVVZCZDBSbldVUldVakJRUVZGSUwwSkJVVVJCWjB0clRVRTRSMEV4VldSRmQwVkNDaTkzVVVaTlFVMUNRV1k0ZDBoUldVUldVakJQUWtKWlJVWk9SM0ZzUlVOa1dGTklWM00wV0hGM1ZVMTBjV0Z4YkM5NGJWZE5RVEJIUTFOeFIxTkpZak1LUkZGRlFrTjNWVUZCTkVsQ1FWRkNjazUwWkhaRWJuTnpaRGhtS3pFMGNURnBiVzgwZUZWUWNVRmxOM1pNYWxZeE5qQldUVTVyTm1SNVpESTJZVWN6YUFvMllXdHhVMUZ2VVhGNmRVMUlNRU5oUmt4SFpGWXJXQzlzY0haYWVIQkZZVEJDT1hsbU5IbFpSemRTYVVObVNHaE9jM2hKTUV3M1UzVmhPVmRLV0hwVkNrRkxaMWxUSzA1Q01rRkliRlJZY3pVNGVqSnhLelpLYWxCM1IxbHpNVUZZVDBKeloyVkdSV2QzYzNBeWRDdHFjSGhUTkhaUWQzbzNRVXRQVTFoS1dsWUtXSFZuTkdKTFYzQjFPV2hYZHpCdk9HVnFhWE55ZG1aRlNISkZZM2w2T0hodE56SnlWVlpJTDFjM05YVkRObk5TVDJKWU9IcEdPRkZ1VFhWUGVYZHpUQXBKZGxrd1kwSTFNVVowZEdwUFdYRlBOa3BSWm5WVk5HbDFaVzFpVTNKNll5dEtZVGhaUWxjeFZFSlZWamRpYm1WNlFqbEZlbmwwUjFwdU1FUnJOMlY0Q2xvM1V6bHBUeXRFV0VadFltNXZSRGRNYTJnMFZsVmFibkZZVDFRMk1UWXdRV2g2WkFvdExTMHRMVVZPUkNCRFJWSlVTVVpKUTBGVVJTMHRMUzB0Q2c9PScgLS1hcGlzZXJ2ZXItZW5kcG9pbnQgJ2h0dHBzOi8vN0Q1N0ExQzY5MTg5QzFCRjg5N0YyQTI4QTA5QzkwQjMuZ3I3LnVzLWVhc3QtMi5la3MuYW1hem9uYXdzLmNvbScgIC0ta3ViZWxldC1leHRyYS1hcmdzICIiICdjaGFsbGVuZ2UtY2x1c3RlcicKCiMgQWxsb3cgdXNlciBzdXBwbGllZCB1c2VyZGF0YSBjb2RlCgo=",
            "vpc_classic_link_id": "",
            "vpc_classic_link_security_groups": []
          },
          "sensitive_attributes": [],
          "private": "bnVsbA==",
          "dependencies": [
            "aws_default_subnet.defaulta",
            "aws_default_subnet.defaultb",
            "aws_default_vpc.default",
            "module.challenge_cluster.aws_cloudwatch_log_group.this",
            "module.challenge_cluster.aws_eks_cluster.this",
            "module.challenge_cluster.aws_iam_instance_profile.workers",
            "module.challenge_cluster.aws_iam_role.cluster",
            "module.challenge_cluster.aws_iam_role.workers",
            "module.challenge_cluster.aws_iam_role_policy_attachment.cluster_AmazonEKSClusterPolicy",
            "module.challenge_cluster.aws_iam_role_policy_attachment.cluster_AmazonEKSServicePolicy",
            "module.challenge_cluster.aws_iam_role_policy_attachment.cluster_AmazonEKSVPCResourceControllerPolicy",
            "module.challenge_cluster.aws_iam_role_policy_attachment.workers_AmazonEC2ContainerRegistryReadOnly",
            "module.challenge_cluster.aws_iam_role_policy_attachment.workers_AmazonEKSWorkerNodePolicy",
            "module.challenge_cluster.aws_iam_role_policy_attachment.workers_AmazonEKS_CNI_Policy",
            "module.challenge_cluster.aws_iam_role_policy_attachment.workers_additional_policies",
            "module.challenge_cluster.aws_security_group.cluster",
            "module.challenge_cluster.aws_security_group.workers",
            "module.challenge_cluster.aws_security_group_rule.cluster_egress_internet",
            "module.challenge_cluster.aws_security_group_rule.cluster_https_worker_ingress",
            "module.challenge_cluster.aws_security_group_rule.cluster_primary_ingress_workers",
            "module.challenge_cluster.aws_security_group_rule.workers_egress_internet",
            "module.challenge_cluster.aws_security_group_rule.workers_ingress_cluster",
            "module.challenge_cluster.aws_security_group_rule.workers_ingress_cluster_https",
            "module.challenge_cluster.aws_security_group_rule.workers_ingress_cluster_kubelet",
            "module.challenge_cluster.aws_security_group_rule.workers_ingress_cluster_primary",
            "module.challenge_cluster.aws_security_group_rule.workers_ingress_self",
            "module.challenge_cluster.data.aws_ami.eks_worker",
            "module.challenge_cluster.data.aws_ami.eks_worker_windows",
            "module.challenge_cluster.data.aws_iam_instance_profile.custom_worker_group_iam_instance_profile",
            "module.challenge_cluster.data.aws_iam_policy_document.cluster_assume_role_policy",
            "module.challenge_cluster.data.aws_iam_policy_document.workers_assume_role_policy",
            "module.challenge_cluster.data.aws_iam_role.custom_cluster_iam_role",
            "module.challenge_cluster.data.aws_partition.current"
          ],
          "create_before_destroy": true
        },
        {
          "index_key": 1,
          "schema_version": 0,
          "attributes": {
            "arn": "arn:aws:autoscaling:us-east-2:802295647881:launchConfiguration:c64166d7-bd44-47bc-ad4b-61639ec09488:launchConfigurationName/challenge-cluster-worker-group-220210616164015055000000010",
            "associate_public_ip_address": false,
            "ebs_block_device": [],
            "ebs_optimized": false,
            "enable_monitoring": true,
            "ephemeral_block_device": [],
            "iam_instance_profile": "challenge-cluster2021061616401230180000000b",
            "id": "challenge-cluster-worker-group-220210616164015055000000010",
            "image_id": "ami-0d74628ef4e6ed5b6",
            "instance_type": "t2.small",
            "key_name": "",
            "metadata_options": [
              {
                "http_endpoint": "enabled",
                "http_put_response_hop_limit": 1,
                "http_tokens": "optional"
              }
            ],
            "name": "challenge-cluster-worker-group-220210616164015055000000010",
            "name_prefix": "challenge-cluster-worker-group-2",
            "placement_tenancy": "",
            "root_block_device": [
              {
                "delete_on_termination": true,
                "encrypted": false,
                "iops": 0,
                "throughput": 0,
                "volume_size": 100,
                "volume_type": "gp2"
              }
            ],
            "security_groups": [
              "sg-008ef4c1ef43be87d"
            ],
            "spot_price": "",
            "user_data": null,
            "user_data_base64": "IyEvYmluL2Jhc2ggLWUKCiMgQWxsb3cgdXNlciBzdXBwbGllZCBwcmUgdXNlcmRhdGEgY29kZQoKCiMgQm9vdHN0cmFwIGFuZCBqb2luIHRoZSBjbHVzdGVyCi9ldGMvZWtzL2Jvb3RzdHJhcC5zaCAtLWI2NC1jbHVzdGVyLWNhICdMUzB0TFMxQ1JVZEpUaUJEUlZKVVNVWkpRMEZVUlMwdExTMHRDazFKU1VNMWVrTkRRV01yWjBGM1NVSkJaMGxDUVVSQlRrSm5hM0ZvYTJsSE9YY3dRa0ZSYzBaQlJFRldUVkpOZDBWUldVUldVVkZFUlhkd2NtUlhTbXdLWTIwMWJHUkhWbnBOUWpSWVJGUkplRTFFV1hoT2FrVXlUWHBaTVUweGIxaEVWRTE0VFVSWmVFNUVSVEpOZWxreFRURnZkMFpVUlZSTlFrVkhRVEZWUlFwQmVFMUxZVE5XYVZwWVNuVmFXRkpzWTNwRFEwRlRTWGRFVVZsS1MyOWFTV2gyWTA1QlVVVkNRbEZCUkdkblJWQkJSRU5EUVZGdlEyZG5SVUpCU2pOTkNtUnFSMDEwUkd0RU5uaDZiVEJLTkZWdFVITkJhamRuSzFjeGNGVnRRa05vZGtZMWFHdzBhbU5aYkc1TlJWWjFhVmh3VW5WaVZHRlVRbWxHTURNclowc0tRazk1VHpoSU0yRXZNVVpTTlRCRlJtMHJUa3MxVTNwVGNtZEdMMlpZTVhOamFFUTNMMWhsYVdGSWExRXpkalJsYW1sQ1ZEUkpUaXRHV1ZGTE9YbEJiQXBvTUhRMFdrazNjRXBhZFRRNGIwaHNWVUpaYm5oWVJsQnFUelJpZEdod1ZuTmtOM1EwVEVaVlRUWlhhSFZvTURGelMwUTRWbWhJTmtrdlVEZEpUR0ZyQ214NGNrSkNkbEpyVHpneFkxSnNhM2RKTkRWWWJtbENkbFZqVkdGdlEzQkNWMmt4UnpadmJVTXlWMm95UVhCNlUydzRLMFJoUzNKS1dYUnJlSFo2VWtJS1lXcE1lSFZRU0ZsM05XZFlObWxzTUdSTE9FSlFiazlNVGxCd2NVRnVaMVZLWTNodlZsaHZTV3AzUVcxNWRFSnlWRmswVEZaSWVHeEJjMGxaTDNKdk1BbzVRbEF6ZG1VdmVHWnZUWEI2WVdKc05WVTRRMEYzUlVGQllVNURUVVZCZDBSbldVUldVakJRUVZGSUwwSkJVVVJCWjB0clRVRTRSMEV4VldSRmQwVkNDaTkzVVVaTlFVMUNRV1k0ZDBoUldVUldVakJQUWtKWlJVWk9SM0ZzUlVOa1dGTklWM00wV0hGM1ZVMTBjV0Z4YkM5NGJWZE5RVEJIUTFOeFIxTkpZak1LUkZGRlFrTjNWVUZCTkVsQ1FWRkNjazUwWkhaRWJuTnpaRGhtS3pFMGNURnBiVzgwZUZWUWNVRmxOM1pNYWxZeE5qQldUVTVyTm1SNVpESTJZVWN6YUFvMllXdHhVMUZ2VVhGNmRVMUlNRU5oUmt4SFpGWXJXQzlzY0haYWVIQkZZVEJDT1hsbU5IbFpSemRTYVVObVNHaE9jM2hKTUV3M1UzVmhPVmRLV0hwVkNrRkxaMWxUSzA1Q01rRkliRlJZY3pVNGVqSnhLelpLYWxCM1IxbHpNVUZZVDBKeloyVkdSV2QzYzNBeWRDdHFjSGhUTkhaUWQzbzNRVXRQVTFoS1dsWUtXSFZuTkdKTFYzQjFPV2hYZHpCdk9HVnFhWE55ZG1aRlNISkZZM2w2T0hodE56SnlWVlpJTDFjM05YVkRObk5TVDJKWU9IcEdPRkZ1VFhWUGVYZHpUQXBKZGxrd1kwSTFNVVowZEdwUFdYRlBOa3BSWm5WVk5HbDFaVzFpVTNKNll5dEtZVGhaUWxjeFZFSlZWamRpYm1WNlFqbEZlbmwwUjFwdU1FUnJOMlY0Q2xvM1V6bHBUeXRFV0VadFltNXZSRGRNYTJnMFZsVmFibkZZVDFRMk1UWXdRV2g2WkFvdExTMHRMVVZPUkNCRFJWSlVTVVpKUTBGVVJTMHRMUzB0Q2c9PScgLS1hcGlzZXJ2ZXItZW5kcG9pbnQgJ2h0dHBzOi8vN0Q1N0ExQzY5MTg5QzFCRjg5N0YyQTI4QTA5QzkwQjMuZ3I3LnVzLWVhc3QtMi5la3MuYW1hem9uYXdzLmNvbScgIC0ta3ViZWxldC1leHRyYS1hcmdzICIiICdjaGFsbGVuZ2UtY2x1c3RlcicKCiMgQWxsb3cgdXNlciBzdXBwbGllZCB1c2VyZGF0YSBjb2RlCgo=",
            "vpc_classic_link_id": "",
            "vpc_classic_link_security_groups": []
          },
          "sensitive_attributes": [],
          "private": "bnVsbA==",
          "dependencies": [
            "aws_default_subnet.defaulta",
            "aws_default_subnet.defaultb",
            "aws_default_vpc.default",
            "module.challenge_cluster.aws_cloudwatch_log_group.this",
            "module.challenge_cluster.aws_eks_cluster.this",
            "module.challenge_cluster.aws_iam_instance_profile.workers",
            "module.challenge_cluster.aws_iam_role.cluster",
            "module.challenge_cluster.aws_iam_role.workers",
            "module.challenge_cluster.aws_iam_role_policy_attachment.cluster_AmazonEKSClusterPolicy",
            "module.challenge_cluster.aws_iam_role_policy_attachment.cluster_AmazonEKSServicePolicy",
            "module.challenge_cluster.aws_iam_role_policy_attachment.cluster_AmazonEKSVPCResourceControllerPolicy",
            "module.challenge_cluster.aws_iam_role_policy_attachment.workers_AmazonEC2ContainerRegistryReadOnly",
            "module.challenge_cluster.aws_iam_role_policy_attachment.workers_AmazonEKSWorkerNodePolicy",
            "module.challenge_cluster.aws_iam_role_policy_attachment.workers_AmazonEKS_CNI_Policy",
            "module.challenge_cluster.aws_iam_role_policy_attachment.workers_additional_policies",
            "module.challenge_cluster.aws_security_group.cluster",
            "module.challenge_cluster.aws_security_group.workers",
            "module.challenge_cluster.aws_security_group_rule.cluster_egress_internet",
            "module.challenge_cluster.aws_security_group_rule.cluster_https_worker_ingress",
            "module.challenge_cluster.aws_security_group_rule.cluster_primary_ingress_workers",
            "module.challenge_cluster.aws_security_group_rule.workers_egress_internet",
            "module.challenge_cluster.aws_security_group_rule.workers_ingress_cluster",
            "module.challenge_cluster.aws_security_group_rule.workers_ingress_cluster_https",
            "module.challenge_cluster.aws_security_group_rule.workers_ingress_cluster_kubelet",
            "module.challenge_cluster.aws_security_group_rule.workers_ingress_cluster_primary",
            "module.challenge_cluster.aws_security_group_rule.workers_ingress_self",
            "module.challenge_cluster.data.aws_ami.eks_worker",
            "module.challenge_cluster.data.aws_ami.eks_worker_windows",
            "module.challenge_cluster.data.aws_iam_instance_profile.custom_worker_group_iam_instance_profile",
            "module.challenge_cluster.data.aws_iam_policy_document.cluster_assume_role_policy",
            "module.challenge_cluster.data.aws_iam_policy_document.workers_assume_role_policy",
            "module.challenge_cluster.data.aws_iam_role.custom_cluster_iam_role",
            "module.challenge_cluster.data.aws_partition.current"
          ],
          "create_before_destroy": true
        }
      ]
    },
    {
      "module": "module.challenge_cluster",
      "mode": "managed",
      "type": "aws_security_group",
      "name": "cluster",
      "provider": "provider[\"registry.terraform.io/hashicorp/aws\"]",
      "instances": [
        {
          "index_key": 0,
          "schema_version": 1,
          "attributes": {
            "arn": "arn:aws:ec2:us-east-2:802295647881:security-group/sg-04e837ee791dc7dfa",
            "description": "EKS cluster security group.",
            "egress": [
              {
                "cidr_blocks": [
                  "0.0.0.0/0"
                ],
                "description": "Allow cluster egress access to the Internet.",
                "from_port": 0,
                "ipv6_cidr_blocks": [],
                "prefix_list_ids": [],
                "protocol": "-1",
                "security_groups": [],
                "self": false,
                "to_port": 0
              }
            ],
            "id": "sg-04e837ee791dc7dfa",
            "ingress": [
              {
                "cidr_blocks": [],
                "description": "Allow pods to communicate with the EKS cluster API.",
                "from_port": 443,
                "ipv6_cidr_blocks": [],
                "prefix_list_ids": [],
                "protocol": "tcp",
                "security_groups": [
                  "sg-008ef4c1ef43be87d"
                ],
                "self": false,
                "to_port": 443
              }
            ],
            "name": "challenge-cluster20210616163132543500000007",
            "name_prefix": "challenge-cluster",
            "owner_id": "802295647881",
            "revoke_rules_on_delete": false,
            "tags": {
              "Name": "challenge-cluster-eks_cluster_sg"
            },
            "tags_all": {
              "Name": "challenge-cluster-eks_cluster_sg"
            },
            "timeouts": null,
            "vpc_id": "vpc-3883da50"
          },
          "sensitive_attributes": [],
          "private": "eyJlMmJmYjczMC1lY2FhLTExZTYtOGY4OC0zNDM2M2JjN2M0YzAiOnsiY3JlYXRlIjo2MDAwMDAwMDAwMDAsImRlbGV0ZSI6OTAwMDAwMDAwMDAwfSwic2NoZW1hX3ZlcnNpb24iOiIxIn0=",
          "dependencies": [
            "aws_default_vpc.default"
          ],
          "create_before_destroy": true
        }
      ]
    },
    {
      "module": "module.challenge_cluster",
      "mode": "managed",
      "type": "aws_security_group",
      "name": "workers",
      "provider": "provider[\"registry.terraform.io/hashicorp/aws\"]",
      "instances": [
        {
          "index_key": 0,
          "schema_version": 1,
          "attributes": {
            "arn": "arn:aws:ec2:us-east-2:802295647881:security-group/sg-008ef4c1ef43be87d",
            "description": "Security group for all nodes in the cluster.",
            "egress": [
              {
                "cidr_blocks": [
                  "0.0.0.0/0"
                ],
                "description": "Allow nodes all egress to the Internet.",
                "from_port": 0,
                "ipv6_cidr_blocks": [],
                "prefix_list_ids": [],
                "protocol": "-1",
                "security_groups": [],
                "self": false,
                "to_port": 0
              }
            ],
            "id": "sg-008ef4c1ef43be87d",
            "ingress": [
              {
                "cidr_blocks": [],
                "description": "Allow node to communicate with each other.",
                "from_port": 0,
                "ipv6_cidr_blocks": [],
                "prefix_list_ids": [],
                "protocol": "-1",
                "security_groups": [],
                "self": true,
                "to_port": 0
              },
              {
                "cidr_blocks": [],
                "description": "Allow pods running extension API servers on port 443 to receive communication from cluster control plane.",
                "from_port": 443,
                "ipv6_cidr_blocks": [],
                "prefix_list_ids": [],
                "protocol": "tcp",
                "security_groups": [
                  "sg-04e837ee791dc7dfa"
                ],
                "self": false,
                "to_port": 443
              },
              {
                "cidr_blocks": [],
                "description": "Allow workers pods to receive communication from the cluster control plane.",
                "from_port": 1025,
                "ipv6_cidr_blocks": [],
                "prefix_list_ids": [],
                "protocol": "tcp",
                "security_groups": [
                  "sg-04e837ee791dc7dfa"
                ],
                "self": false,
                "to_port": 65535
              }
            ],
            "name": "challenge-cluster20210616163132544100000008",
            "name_prefix": "challenge-cluster",
            "owner_id": "802295647881",
            "revoke_rules_on_delete": false,
            "tags": {
              "Name": "challenge-cluster-eks_worker_sg",
              "kubernetes.io/cluster/challenge-cluster": "owned"
            },
            "tags_all": {
              "Name": "challenge-cluster-eks_worker_sg",
              "kubernetes.io/cluster/challenge-cluster": "owned"
            },
            "timeouts": null,
            "vpc_id": "vpc-3883da50"
          },
          "sensitive_attributes": [],
          "private": "eyJlMmJmYjczMC1lY2FhLTExZTYtOGY4OC0zNDM2M2JjN2M0YzAiOnsiY3JlYXRlIjo2MDAwMDAwMDAwMDAsImRlbGV0ZSI6OTAwMDAwMDAwMDAwfSwic2NoZW1hX3ZlcnNpb24iOiIxIn0=",
          "dependencies": [
            "aws_default_vpc.default"
          ],
          "create_before_destroy": true
        }
      ]
    },
    {
      "module": "module.challenge_cluster",
      "mode": "managed",
      "type": "aws_security_group_rule",
      "name": "cluster_egress_internet",
      "provider": "provider[\"registry.terraform.io/hashicorp/aws\"]",
      "instances": [
        {
          "index_key": 0,
          "schema_version": 2,
          "attributes": {
            "cidr_blocks": [
              "0.0.0.0/0"
            ],
            "description": "Allow cluster egress access to the Internet.",
            "from_port": 0,
            "id": "sgrule-2097793059",
            "ipv6_cidr_blocks": [],
            "prefix_list_ids": [],
            "protocol": "-1",
            "security_group_id": "sg-04e837ee791dc7dfa",
            "self": false,
            "source_security_group_id": null,
            "to_port": 0,
            "type": "egress"
          },
          "sensitive_attributes": [],
          "private": "eyJzY2hlbWFfdmVyc2lvbiI6IjIifQ==",
          "dependencies": [
            "aws_default_vpc.default",
            "module.challenge_cluster.aws_security_group.cluster"
          ],
          "create_before_destroy": true
        }
      ]
    },
    {
      "module": "module.challenge_cluster",
      "mode": "managed",
      "type": "aws_security_group_rule",
      "name": "cluster_https_worker_ingress",
      "provider": "provider[\"registry.terraform.io/hashicorp/aws\"]",
      "instances": [
        {
          "index_key": 0,
          "schema_version": 2,
          "attributes": {
            "cidr_blocks": [],
            "description": "Allow pods to communicate with the EKS cluster API.",
            "from_port": 443,
            "id": "sgrule-227567291",
            "ipv6_cidr_blocks": [],
            "prefix_list_ids": [],
            "protocol": "tcp",
            "security_group_id": "sg-04e837ee791dc7dfa",
            "self": false,
            "source_security_group_id": "sg-008ef4c1ef43be87d",
            "to_port": 443,
            "type": "ingress"
          },
          "sensitive_attributes": [],
          "private": "eyJzY2hlbWFfdmVyc2lvbiI6IjIifQ==",
          "dependencies": [
            "aws_default_vpc.default",
            "module.challenge_cluster.aws_security_group.cluster",
            "module.challenge_cluster.aws_security_group.workers"
          ],
          "create_before_destroy": true
        }
      ]
    },
    {
      "module": "module.challenge_cluster",
      "mode": "managed",
      "type": "aws_security_group_rule",
      "name": "workers_egress_internet",
      "provider": "provider[\"registry.terraform.io/hashicorp/aws\"]",
      "instances": [
        {
          "index_key": 0,
          "schema_version": 2,
          "attributes": {
            "cidr_blocks": [
              "0.0.0.0/0"
            ],
            "description": "Allow nodes all egress to the Internet.",
            "from_port": 0,
            "id": "sgrule-3236662607",
            "ipv6_cidr_blocks": [],
            "prefix_list_ids": [],
            "protocol": "-1",
            "security_group_id": "sg-008ef4c1ef43be87d",
            "self": false,
            "source_security_group_id": null,
            "to_port": 0,
            "type": "egress"
          },
          "sensitive_attributes": [],
          "private": "eyJzY2hlbWFfdmVyc2lvbiI6IjIifQ==",
          "dependencies": [
            "aws_default_vpc.default",
            "module.challenge_cluster.aws_security_group.workers"
          ],
          "create_before_destroy": true
        }
      ]
    },
    {
      "module": "module.challenge_cluster",
      "mode": "managed",
      "type": "aws_security_group_rule",
      "name": "workers_ingress_cluster",
      "provider": "provider[\"registry.terraform.io/hashicorp/aws\"]",
      "instances": [
        {
          "index_key": 0,
          "schema_version": 2,
          "attributes": {
            "cidr_blocks": [],
            "description": "Allow workers pods to receive communication from the cluster control plane.",
            "from_port": 1025,
            "id": "sgrule-3648423839",
            "ipv6_cidr_blocks": [],
            "prefix_list_ids": [],
            "protocol": "tcp",
            "security_group_id": "sg-008ef4c1ef43be87d",
            "self": false,
            "source_security_group_id": "sg-04e837ee791dc7dfa",
            "to_port": 65535,
            "type": "ingress"
          },
          "sensitive_attributes": [],
          "private": "eyJzY2hlbWFfdmVyc2lvbiI6IjIifQ==",
          "dependencies": [
            "aws_default_vpc.default",
            "module.challenge_cluster.aws_security_group.cluster",
            "module.challenge_cluster.aws_security_group.workers"
          ],
          "create_before_destroy": true
        }
      ]
    },
    {
      "module": "module.challenge_cluster",
      "mode": "managed",
      "type": "aws_security_group_rule",
      "name": "workers_ingress_cluster_https",
      "provider": "provider[\"registry.terraform.io/hashicorp/aws\"]",
      "instances": [
        {
          "index_key": 0,
          "schema_version": 2,
          "attributes": {
            "cidr_blocks": [],
            "description": "Allow pods running extension API servers on port 443 to receive communication from cluster control plane.",
            "from_port": 443,
            "id": "sgrule-457344213",
            "ipv6_cidr_blocks": [],
            "prefix_list_ids": [],
            "protocol": "tcp",
            "security_group_id": "sg-008ef4c1ef43be87d",
            "self": false,
            "source_security_group_id": "sg-04e837ee791dc7dfa",
            "to_port": 443,
            "type": "ingress"
          },
          "sensitive_attributes": [],
          "private": "eyJzY2hlbWFfdmVyc2lvbiI6IjIifQ==",
          "dependencies": [
            "aws_default_vpc.default",
            "module.challenge_cluster.aws_security_group.cluster",
            "module.challenge_cluster.aws_security_group.workers"
          ],
          "create_before_destroy": true
        }
      ]
    },
    {
      "module": "module.challenge_cluster",
      "mode": "managed",
      "type": "aws_security_group_rule",
      "name": "workers_ingress_self",
      "provider": "provider[\"registry.terraform.io/hashicorp/aws\"]",
      "instances": [
        {
          "index_key": 0,
          "schema_version": 2,
          "attributes": {
            "cidr_blocks": [],
            "description": "Allow node to communicate with each other.",
            "from_port": 0,
            "id": "sgrule-457006601",
            "ipv6_cidr_blocks": [],
            "prefix_list_ids": [],
            "protocol": "-1",
            "security_group_id": "sg-008ef4c1ef43be87d",
            "self": false,
            "source_security_group_id": "sg-008ef4c1ef43be87d",
            "to_port": 0,
            "type": "ingress"
          },
          "sensitive_attributes": [],
          "private": "eyJzY2hlbWFfdmVyc2lvbiI6IjIifQ==",
          "dependencies": [
            "aws_default_vpc.default",
            "module.challenge_cluster.aws_security_group.workers"
          ],
          "create_before_destroy": true
        }
      ]
    },
    {
      "module": "module.challenge_cluster",
      "mode": "managed",
      "type": "kubernetes_config_map",
      "name": "aws_auth",
      "provider": "provider[\"registry.terraform.io/hashicorp/kubernetes\"]",
      "instances": [
        {
          "index_key": 0,
          "schema_version": 0,
          "attributes": {
            "binary_data": null,
            "data": {
              "mapAccounts": "[]\n",
              "mapRoles": "- \"groups\":\n  - \"system:bootstrappers\"\n  - \"system:nodes\"\n  \"rolearn\": \"arn:aws:iam::802295647881:role/challenge-cluster20210616164008672500000009\"\n  \"username\": \"system:node:{{EC2PrivateDNSName}}\"\n",
              "mapUsers": "[]\n"
            },
            "id": "kube-system/aws-auth",
            "metadata": [
              {
                "annotations": null,
                "generate_name": "",
                "generation": 0,
                "labels": {
                  "app.kubernetes.io/managed-by": "Terraform",
                  "terraform.io/module": "terraform-aws-modules.eks.aws"
                },
                "name": "aws-auth",
                "namespace": "kube-system",
                "resource_version": "2064",
                "self_link": "/api/v1/namespaces/kube-system/configmaps/aws-auth",
                "uid": "38ab12a0-982b-4608-bee2-2ecc3d70562c"
              }
            ]
          },
          "sensitive_attributes": [],
          "private": "bnVsbA==",
          "dependencies": [
            "aws_default_subnet.defaulta",
            "aws_default_subnet.defaultb",
            "data.aws_eks_cluster.challenge_cluster",
            "data.aws_eks_cluster_auth.challenge_cluster",
            "module.challenge_cluster.aws_iam_instance_profile.workers",
            "module.challenge_cluster.aws_iam_instance_profile.workers_launch_template",
            "module.challenge_cluster.aws_iam_role.workers",
            "module.challenge_cluster.data.aws_ami.eks_worker",
            "module.challenge_cluster.data.aws_ami.eks_worker_windows",
            "module.challenge_cluster.data.aws_caller_identity.current",
            "module.challenge_cluster.data.aws_iam_instance_profile.custom_worker_group_iam_instance_profile",
            "module.challenge_cluster.data.aws_iam_instance_profile.custom_worker_group_launch_template_iam_instance_profile",
            "module.challenge_cluster.data.aws_partition.current",
            "module.challenge_cluster.data.http.wait_for_cluster",
            "module.challenge_cluster.module.fargate.aws_iam_role.eks_fargate_pod",
            "module.challenge_cluster.module.fargate.data.aws_iam_role.custom_fargate_iam_role"
          ]
        }
      ]
    },
    {
      "module": "module.challenge_cluster",
      "mode": "managed",
      "type": "local_file",
      "name": "kubeconfig",
      "provider": "provider[\"registry.terraform.io/hashicorp/local\"]",
      "instances": [
        {
          "index_key": 0,
          "schema_version": 0,
          "attributes": {
            "content": "apiVersion: v1\npreferences: {}\nkind: Config\n\nclusters:\n- cluster:\n    server: https://7D57A1C69189C1BF897F2A28A09C90B3.gr7.us-east-2.eks.amazonaws.com\n    certificate-authority-data: LS0tLS1CRUdJTiBDRVJUSUZJQ0FURS0tLS0tCk1JSUM1ekNDQWMrZ0F3SUJBZ0lCQURBTkJna3Foa2lHOXcwQkFRc0ZBREFWTVJNd0VRWURWUVFERXdwcmRXSmwKY201bGRHVnpNQjRYRFRJeE1EWXhOakUyTXpZMU0xb1hEVE14TURZeE5ERTJNelkxTTFvd0ZURVRNQkVHQTFVRQpBeE1LYTNWaVpYSnVaWFJsY3pDQ0FTSXdEUVlKS29aSWh2Y05BUUVCQlFBRGdnRVBBRENDQVFvQ2dnRUJBSjNNCmRqR010RGtENnh6bTBKNFVtUHNBajdnK1cxcFVtQkNodkY1aGw0amNZbG5NRVZ1aVhwUnViVGFUQmlGMDMrZ0sKQk95TzhIM2EvMUZSNTBFRm0rTks1U3pTcmdGL2ZYMXNjaEQ3L1hlaWFIa1EzdjRlamlCVDRJTitGWVFLOXlBbApoMHQ0Wkk3cEpadTQ4b0hsVUJZbnhYRlBqTzRidGhwVnNkN3Q0TEZVTTZXaHVoMDFzS0Q4VmhINkkvUDdJTGFrCmx4ckJCdlJrTzgxY1Jsa3dJNDVYbmlCdlVjVGFvQ3BCV2kxRzZvbUMyV2oyQXB6U2w4K0RhS3JKWXRreHZ6UkIKYWpMeHVQSFl3NWdYNmlsMGRLOEJQbk9MTlBwcUFuZ1VKY3hvVlhvSWp3QW15dEJyVFk0TFZIeGxBc0lZL3JvMAo5QlAzdmUveGZvTXB6YWJsNVU4Q0F3RUFBYU5DTUVBd0RnWURWUjBQQVFIL0JBUURBZ0trTUE4R0ExVWRFd0VCCi93UUZNQU1CQWY4d0hRWURWUjBPQkJZRUZOR3FsRUNkWFNIV3M0WHF3VU10cWFxbC94bVdNQTBHQ1NxR1NJYjMKRFFFQkN3VUFBNElCQVFCck50ZHZEbnNzZDhmKzE0cTFpbW80eFVQcUFlN3ZMalYxNjBWTU5rNmR5ZDI2YUczaAo2YWtxU1FvUXF6dU1IMENhRkxHZFYrWC9scHZaeHBFYTBCOXlmNHlZRzdSaUNmSGhOc3hJMEw3U3VhOVdKWHpVCkFLZ1lTK05CMkFIbFRYczU4ejJxKzZKalB3R1lzMUFYT0JzZ2VGRWd3c3AydCtqcHhTNHZQd3o3QUtPU1hKWlYKWHVnNGJLV3B1OWhXdzBvOGVqaXNydmZFSHJFY3l6OHhtNzJyVVZIL1c3NXVDNnNST2JYOHpGOFFuTXVPeXdzTApJdlkwY0I1MUZ0dGpPWXFPNkpRZnVVNGl1ZW1iU3J6YytKYThZQlcxVEJVVjdibmV6QjlFenl0R1puMERrN2V4Clo3UzlpTytEWEZtYm5vRDdMa2g0VlVabnFYT1Q2MTYwQWh6ZAotLS0tLUVORCBDRVJUSUZJQ0FURS0tLS0tCg==\n  name: eks_challenge-cluster\n\ncontexts:\n- context:\n    cluster: eks_challenge-cluster\n    user: eks_challenge-cluster\n  name: eks_challenge-cluster\n\ncurrent-context: eks_challenge-cluster\n\nusers:\n- name: eks_challenge-cluster\n  user:\n    exec:\n      apiVersion: client.authentication.k8s.io/v1alpha1\n      command: aws-iam-authenticator\n      args:\n        - \"token\"\n        - \"-i\"\n        - \"challenge-cluster\"\n",
            "content_base64": null,
            "directory_permission": "0755",
            "file_permission": "0600",
            "filename": "./kubeconfig_challenge-cluster",
            "id": "074e67392d9455a2502b00fa3d418b9ffd670c68",
            "sensitive_content": null,
            "source": null
          },
          "sensitive_attributes": [],
          "private": "bnVsbA==",
          "dependencies": [
            "aws_default_subnet.defaulta",
            "aws_default_subnet.defaultb",
            "aws_default_vpc.default",
            "module.challenge_cluster.aws_cloudwatch_log_group.this",
            "module.challenge_cluster.aws_eks_cluster.this",
            "module.challenge_cluster.aws_iam_role.cluster",
            "module.challenge_cluster.aws_iam_role_policy_attachment.cluster_AmazonEKSClusterPolicy",
            "module.challenge_cluster.aws_iam_role_policy_attachment.cluster_AmazonEKSServicePolicy",
            "module.challenge_cluster.aws_iam_role_policy_attachment.cluster_AmazonEKSVPCResourceControllerPolicy",
            "module.challenge_cluster.aws_security_group.cluster",
            "module.challenge_cluster.aws_security_group.workers",
            "module.challenge_cluster.aws_security_group_rule.cluster_egress_internet",
            "module.challenge_cluster.aws_security_group_rule.cluster_https_worker_ingress",
            "module.challenge_cluster.data.aws_iam_policy_document.cluster_assume_role_policy",
            "module.challenge_cluster.data.aws_iam_role.custom_cluster_iam_role",
            "module.challenge_cluster.data.aws_partition.current"
          ]
        }
      ]
    }
  ]
}
